// !$*UTF8*$!
{
	archiveVersion = 1;
	classes = {
	};
	objectVersion = 50;
	objects = {

/* Begin PBXBuildFile section */
		B58E442F2561648800ADE4B8 /* AppDelegate.swift in Sources */ = {isa = PBXBuildFile; fileRef = B58E442E2561648800ADE4B8 /* AppDelegate.swift */; };
		B58E44312561648800ADE4B8 /* SceneDelegate.swift in Sources */ = {isa = PBXBuildFile; fileRef = B58E44302561648800ADE4B8 /* SceneDelegate.swift */; };
		B58E44332561648800ADE4B8 /* ViewController.swift in Sources */ = {isa = PBXBuildFile; fileRef = B58E44322561648800ADE4B8 /* ViewController.swift */; };
		B58E44362561648800ADE4B8 /* Main.storyboard in Resources */ = {isa = PBXBuildFile; fileRef = B58E44342561648800ADE4B8 /* Main.storyboard */; };
		B58E44382561648900ADE4B8 /* Assets.xcassets in Resources */ = {isa = PBXBuildFile; fileRef = B58E44372561648900ADE4B8 /* Assets.xcassets */; };
		B58E443B2561648900ADE4B8 /* LaunchScreen.storyboard in Resources */ = {isa = PBXBuildFile; fileRef = B58E44392561648900ADE4B8 /* LaunchScreen.storyboard */; };
		B58E44472561651B00ADE4B8 /* FastTyping.mp4 in Resources */ = {isa = PBXBuildFile; fileRef = B58E44442561651A00ADE4B8 /* FastTyping.mp4 */; };
		B58E44482561651B00ADE4B8 /* Fireworks.jpg in Resources */ = {isa = PBXBuildFile; fileRef = B58E44452561651A00ADE4B8 /* Fireworks.jpg */; };
		B58E44492561651B00ADE4B8 /* FastTyping.jpg in Resources */ = {isa = PBXBuildFile; fileRef = B58E44462561651A00ADE4B8 /* FastTyping.jpg */; };
		B58E44512561746900ADE4B8 /* Mountaineering.mov in Resources */ = {isa = PBXBuildFile; fileRef = B58E444E2561746900ADE4B8 /* Mountaineering.mov */; };
		B58E44522561746900ADE4B8 /* Mountaineering.jpg in Resources */ = {isa = PBXBuildFile; fileRef = B58E444F2561746900ADE4B8 /* Mountaineering.jpg */; };
		B58E44532561746900ADE4B8 /* Seascape.jpg in Resources */ = {isa = PBXBuildFile; fileRef = B58E44502561746900ADE4B8 /* Seascape.jpg */; };
/* End PBXBuildFile section */

/* Begin PBXFileReference section */
		B58E442B2561648800ADE4B8 /* MoviePlayer.app */ = {isa = PBXFileReference; explicitFileType = wrapper.application; includeInIndex = 0; path = MoviePlayer.app; sourceTree = BUILT_PRODUCTS_DIR; };
		B58E442E2561648800ADE4B8 /* AppDelegate.swift */ = {isa = PBXFileReference; lastKnownFileType = sourcecode.swift; path = AppDelegate.swift; sourceTree = "<group>"; };
		B58E44302561648800ADE4B8 /* SceneDelegate.swift */ = {isa = PBXFileReference; lastKnownFileType = sourcecode.swift; path = SceneDelegate.swift; sourceTree = "<group>"; };
		B58E44322561648800ADE4B8 /* ViewController.swift */ = {isa = PBXFileReference; lastKnownFileType = sourcecode.swift; path = ViewController.swift; sourceTree = "<group>"; };
		B58E44352561648800ADE4B8 /* Base */ = {isa = PBXFileReference; lastKnownFileType = file.storyboard; name = Base; path = Base.lproj/Main.storyboard; sourceTree = "<group>"; };
		B58E44372561648900ADE4B8 /* Assets.xcassets */ = {isa = PBXFileReference; lastKnownFileType = folder.assetcatalog; path = Assets.xcassets; sourceTree = "<group>"; };
		B58E443A2561648900ADE4B8 /* Base */ = {isa = PBXFileReference; lastKnownFileType = file.storyboard; name = Base; path = Base.lproj/LaunchScreen.storyboard; sourceTree = "<group>"; };
		B58E443C2561648900ADE4B8 /* Info.plist */ = {isa = PBXFileReference; lastKnownFileType = text.plist.xml; path = Info.plist; sourceTree = "<group>"; };
		B58E44442561651A00ADE4B8 /* FastTyping.mp4 */ = {isa = PBXFileReference; lastKnownFileType = file; path = FastTyping.mp4; sourceTree = "<group>"; };
		B58E44452561651A00ADE4B8 /* Fireworks.jpg */ = {isa = PBXFileReference; lastKnownFileType = image.jpeg; path = Fireworks.jpg; sourceTree = "<group>"; };
		B58E44462561651A00ADE4B8 /* FastTyping.jpg */ = {isa = PBXFileReference; lastKnownFileType = image.jpeg; path = FastTyping.jpg; sourceTree = "<group>"; };
		B58E444E2561746900ADE4B8 /* Mountaineering.mov */ = {isa = PBXFileReference; lastKnownFileType = video.quicktime; path = Mountaineering.mov; sourceTree = "<group>"; };
		B58E444F2561746900ADE4B8 /* Mountaineering.jpg */ = {isa = PBXFileReference; lastKnownFileType = image.jpeg; path = Mountaineering.jpg; sourceTree = "<group>"; };
		B58E44502561746900ADE4B8 /* Seascape.jpg */ = {isa = PBXFileReference; lastKnownFileType = image.jpeg; path = Seascape.jpg; sourceTree = "<group>"; };
/* End PBXFileReference section */

/* Begin PBXFrameworksBuildPhase section */
		B58E44282561648800ADE4B8 /* Frameworks */ = {
			isa = PBXFrameworksBuildPhase;
			buildActionMask = 2147483647;
			files = (
			);
			runOnlyForDeploymentPostprocessing = 0;
		};
/* End PBXFrameworksBuildPhase section */

/* Begin PBXGroup section */
		B58E44222561648800ADE4B8 = {
			isa = PBXGroup;
			children = (
				B58E442D2561648800ADE4B8 /* MoviePlayer */,
				B58E442C2561648800ADE4B8 /* Products */,
			);
			sourceTree = "<group>";
		};
		B58E442C2561648800ADE4B8 /* Products */ = {
			isa = PBXGroup;
			children = (
				B58E442B2561648800ADE4B8 /* MoviePlayer.app */,
			);
			name = Products;
			sourceTree = "<group>";
		};
		B58E442D2561648800ADE4B8 /* MoviePlayer */ = {
			isa = PBXGroup;
			children = (
				B58E4443256164F400ADE4B8 /* Resources */,
				B58E442E2561648800ADE4B8 /* AppDelegate.swift */,
				B58E44302561648800ADE4B8 /* SceneDelegate.swift */,
				B58E44322561648800ADE4B8 /* ViewController.swift */,
				B58E44342561648800ADE4B8 /* Main.storyboard */,
				B58E44372561648900ADE4B8 /* Assets.xcassets */,
				B58E44392561648900ADE4B8 /* LaunchScreen.storyboard */,
				B58E443C2561648900ADE4B8 /* Info.plist */,
			);
			path = MoviePlayer;
			sourceTree = "<group>";
		};
		B58E4443256164F400ADE4B8 /* Resources */ = {
			isa = PBXGroup;
			children = (
				B58E44462561651A00ADE4B8 /* FastTyping.jpg */,
				B58E44442561651A00ADE4B8 /* FastTyping.mp4 */,
				B58E44452561651A00ADE4B8 /* Fireworks.jpg */,
				B58E444F2561746900ADE4B8 /* Mountaineering.jpg */,
				B58E444E2561746900ADE4B8 /* Mountaineering.mov */,
				B58E44502561746900ADE4B8 /* Seascape.jpg */,
			);
			path = Resources;
			sourceTree = "<group>";
		};
/* End PBXGroup section */

/* Begin PBXNativeTarget section */
		B58E442A2561648800ADE4B8 /* MoviePlayer */ = {
			isa = PBXNativeTarget;
			buildConfigurationList = B58E443F2561648900ADE4B8 /* Build configuration list for PBXNativeTarget "MoviePlayer" */;
			buildPhases = (
				B58E44272561648800ADE4B8 /* Sources */,
				B58E44282561648800ADE4B8 /* Frameworks */,
				B58E44292561648800ADE4B8 /* Resources */,
			);
			buildRules = (
			);
			dependencies = (
			);
			name = MoviePlayer;
			productName = MoviePlayer;
			productReference = B58E442B2561648800ADE4B8 /* MoviePlayer.app */;
			productType = "com.apple.product-type.application";
		};
/* End PBXNativeTarget section */

/* Begin PBXProject section */
		B58E44232561648800ADE4B8 /* Project object */ = {
			isa = PBXProject;
			attributes = {
				LastSwiftUpdateCheck = 1210;
				LastUpgradeCheck = 1210;
				TargetAttributes = {
					B58E442A2561648800ADE4B8 = {
						CreatedOnToolsVersion = 12.1;
					};
				};
			};
			buildConfigurationList = B58E44262561648800ADE4B8 /* Build configuration list for PBXProject "MoviePlayer" */;
			compatibilityVersion = "Xcode 9.3";
			developmentRegion = en;
			hasScannedForEncodings = 0;
			knownRegions = (
				en,
				Base,
			);
			mainGroup = B58E44222561648800ADE4B8;
			productRefGroup = B58E442C2561648800ADE4B8 /* Products */;
			projectDirPath = "";
			projectRoot = "";
			targets = (
				B58E442A2561648800ADE4B8 /* MoviePlayer */,
			);
		};
/* End PBXProject section */

/* Begin PBXResourcesBuildPhase section */
		B58E44292561648800ADE4B8 /* Resources */ = {
			isa = PBXResourcesBuildPhase;
			buildActionMask = 2147483647;
			files = (
				B58E44482561651B00ADE4B8 /* Fireworks.jpg in Resources */,
				B58E443B2561648900ADE4B8 /* LaunchScreen.storyboard in Resources */,
				B58E44532561746900ADE4B8 /* Seascape.jpg in Resources */,
				B58E44492561651B00ADE4B8 /* FastTyping.jpg in Resources */,
				B58E44382561648900ADE4B8 /* Assets.xcassets in Resources */,
				B58E44472561651B00ADE4B8 /* FastTyping.mp4 in Resources */,
				B58E44512561746900ADE4B8 /* Mountaineering.mov in Resources */,
				B58E44522561746900ADE4B8 /* Mountaineering.jpg in Resources */,
				B58E44362561648800ADE4B8 /* Main.storyboard in Resources */,
			);
			runOnlyForDeploymentPostprocessing = 0;
		};
/* End PBXResourcesBuildPhase section */

/* Begin PBXSourcesBuildPhase section */
		B58E44272561648800ADE4B8 /* Sources */ = {
			isa = PBXSourcesBuildPhase;
			buildActionMask = 2147483647;
			files = (
				B58E44332561648800ADE4B8 /* ViewController.swift in Sources */,
				B58E442F2561648800ADE4B8 /* AppDelegate.swift in Sources */,
				B58E44312561648800ADE4B8 /* SceneDelegate.swift in Sources */,
			);
			runOnlyForDeploymentPostprocessing = 0;
		};
/* End PBXSourcesBuildPhase section */

/* Begin PBXVariantGroup section */
		B58E44342561648800ADE4B8 /* Main.storyboard */ = {
			isa = PBXVariantGroup;
			children = (
				B58E44352561648800ADE4B8 /* Base */,
			);
			name = Main.storyboard;
			sourceTree = "<group>";
		};
		B58E44392561648900ADE4B8 /* LaunchScreen.storyboard */ = {
			isa = PBXVariantGroup;
			children = (
				B58E443A2561648900ADE4B8 /* Base */,
			);
			name = LaunchScreen.storyboard;
			sourceTree = "<group>";
		};
/* End PBXVariantGroup section */

/* Begin XCBuildConfiguration section */
		B58E443D2561648900ADE4B8 /* Debug */ = {
			isa = XCBuildConfiguration;
			buildSettings = {
				ALWAYS_SEARCH_USER_PATHS = NO;
				CLANG_ANALYZER_NONNULL = YES;
				CLANG_ANALYZER_NUMBER_OBJECT_CONVERSION = YES_AGGRESSIVE;
				CLANG_CXX_LANGUAGE_STANDARD = "gnu++14";
				CLANG_CXX_LIBRARY = "libc++";
				CLANG_ENABLE_MODULES = YES;
				CLANG_ENABLE_OBJC_ARC = YES;
				CLANG_ENABLE_OBJC_WEAK = YES;
				CLANG_WARN_BLOCK_CAPTURE_AUTORELEASING = YES;
				CLANG_WARN_BOOL_CONVERSION = YES;
				CLANG_WARN_COMMA = YES;
				CLANG_WARN_CONSTANT_CONVERSION = YES;
				CLANG_WARN_DEPRECATED_OBJC_IMPLEMENTATIONS = YES;
				CLANG_WARN_DIRECT_OBJC_ISA_USAGE = YES_ERROR;
				CLANG_WARN_DOCUMENTATION_COMMENTS = YES;
				CLANG_WARN_EMPTY_BODY = YES;
				CLANG_WARN_ENUM_CONVERSION = YES;
				CLANG_WARN_INFINITE_RECURSION = YES;
				CLANG_WARN_INT_CONVERSION = YES;
				CLANG_WARN_NON_LITERAL_NULL_CONVERSION = YES;
				CLANG_WARN_OBJC_IMPLICIT_RETAIN_SELF = YES;
				CLANG_WARN_OBJC_LITERAL_CONVERSION = YES;
				CLANG_WARN_OBJC_ROOT_CLASS = YES_ERROR;
				CLANG_WARN_QUOTED_INCLUDE_IN_FRAMEWORK_HEADER = YES;
				CLANG_WARN_RANGE_LOOP_ANALYSIS = YES;
				CLANG_WARN_STRICT_PROTOTYPES = YES;
				CLANG_WARN_SUSPICIOUS_MOVE = YES;
				CLANG_WARN_UNGUARDED_AVAILABILITY = YES_AGGRESSIVE;
				CLANG_WARN_UNREACHABLE_CODE = YES;
				CLANG_WARN__DUPLICATE_METHOD_MATCH = YES;
				COPY_PHASE_STRIP = NO;
				DEBUG_INFORMATION_FORMAT = dwarf;
				ENABLE_STRICT_OBJC_MSGSEND = YES;
				ENABLE_TESTABILITY = YES;
				GCC_C_LANGUAGE_STANDARD = gnu11;
				GCC_DYNAMIC_NO_PIC = NO;
				GCC_NO_COMMON_BLOCKS = YES;
				GCC_OPTIMIZATION_LEVEL = 0;
				GCC_PREPROCESSOR_DEFINITIONS = (
					"DEBUG=1",
					"$(inherited)",
				);
				GCC_WARN_64_TO_32_BIT_CONVERSION = YES;
				GCC_WARN_ABOUT_RETURN_TYPE = YES_ERROR;
				GCC_WARN_UNDECLARED_SELECTOR = YES;
				GCC_WARN_UNINITIALIZED_AUTOS = YES_AGGRESSIVE;
				GCC_WARN_UNUSED_FUNCTION = YES;
				GCC_WARN_UNUSED_VARIABLE = YES;
				IPHONEOS_DEPLOYMENT_TARGET = 14.1;
				MTL_ENABLE_DEBUG_INFO = INCLUDE_SOURCE;
				MTL_FAST_MATH = YES;
				ONLY_ACTIVE_ARCH = YES;
				SDKROOT = iphoneos;
				SWIFT_ACTIVE_COMPILATION_CONDITIONS = DEBUG;
				SWIFT_OPTIMIZATION_LEVEL = "-Onone";
			};
			name = Debug;
		};
		B58E443E2561648900ADE4B8 /* Release */ = {
			isa = XCBuildConfiguration;
			buildSettings = {
				ALWAYS_SEARCH_USER_PATHS = NO;
				CLANG_ANALYZER_NONNULL = YES;
				CLANG_ANALYZER_NUMBER_OBJECT_CONVERSION = YES_AGGRESSIVE;
				CLANG_CXX_LANGUAGE_STANDARD = "gnu++14";
				CLANG_CXX_LIBRARY = "libc++";
				CLANG_ENABLE_MODULES = YES;
				CLANG_ENABLE_OBJC_ARC = YES;
				CLANG_ENABLE_OBJC_WEAK = YES;
				CLANG_WARN_BLOCK_CAPTURE_AUTORELEASING = YES;
				CLANG_WARN_BOOL_CONVERSION = YES;
				CLANG_WARN_COMMA = YES;
				CLANG_WARN_CONSTANT_CONVERSION = YES;
				CLANG_WARN_DEPRECATED_OBJC_IMPLEMENTATIONS = YES;
				CLANG_WARN_DIRECT_OBJC_ISA_USAGE = YES_ERROR;
				CLANG_WARN_DOCUMENTATION_COMMENTS = YES;
				CLANG_WARN_EMPTY_BODY = YES;
				CLANG_WARN_ENUM_CONVERSION = YES;
				CLANG_WARN_INFINITE_RECURSION = YES;
				CLANG_WARN_INT_CONVERSION = YES;
				CLANG_WARN_NON_LITERAL_NULL_CONVERSION = YES;
				CLANG_WARN_OBJC_IMPLICIT_RETAIN_SELF = YES;
				CLANG_WARN_OBJC_LITERAL_CONVERSION = YES;
				CLANG_WARN_OBJC_ROOT_CLASS = YES_ERROR;
				CLANG_WARN_QUOTED_INCLUDE_IN_FRAMEWORK_HEADER = YES;
				CLANG_WARN_RANGE_LOOP_ANALYSIS = YES;
				CLANG_WARN_STRICT_PROTOTYPES = YES;
				CLANG_WARN_SUSPICIOUS_MOVE = YES;
				CLANG_WARN_UNGUARDED_AVAILABILITY = YES_AGGRESSIVE;
				CLANG_WARN_UNREACHABLE_CODE = YES;
				CLANG_WARN__DUPLICATE_METHOD_MATCH = YES;
				COPY_PHASE_STRIP = NO;
				DEBUG_INFORMATION_FORMAT = "dwarf-with-dsym";
				ENABLE_NS_ASSERTIONS = NO;
				ENABLE_STRICT_OBJC_MSGSEND = YES;
				GCC_C_LANGUAGE_STANDARD = gnu11;
				GCC_NO_COMMON_BLOCKS = YES;
				GCC_WARN_64_TO_32_BIT_CONVERSION = YES;
				GCC_WARN_ABOUT_RETURN_TYPE = YES_ERROR;
				GCC_WARN_UNDECLARED_SELECTOR = YES;
				GCC_WARN_UNINITIALIZED_AUTOS = YES_AGGRESSIVE;
				GCC_WARN_UNUSED_FUNCTION = YES;
				GCC_WARN_UNUSED_VARIABLE = YES;
				IPHONEOS_DEPLOYMENT_TARGET = 14.1;
				MTL_ENABLE_DEBUG_INFO = NO;
				MTL_FAST_MATH = YES;
				SDKROOT = iphoneos;
				SWIFT_COMPILATION_MODE = wholemodule;
				SWIFT_OPTIMIZATION_LEVEL = "-O";
				VALIDATE_PRODUCT = YES;
			};
			name = Release;
		};
		B58E44402561648900ADE4B8 /* Debug */ = {
			isa = XCBuildConfiguration;
			buildSettings = {
				ASSETCATALOG_COMPILER_APPICON_NAME = AppIcon;
				ASSETCATALOG_COMPILER_GLOBAL_ACCENT_COLOR_NAME = AccentColor;
				CODE_SIGN_STYLE = Automatic;
				INFOPLIST_FILE = MoviePlayer/Info.plist;
				LD_RUNPATH_SEARCH_PATHS = (
					"$(inherited)",
					"@executable_path/Frameworks",
				);
				PRODUCT_BUNDLE_IDENTIFIER = net.macnpc.MoviePlayer;
				PRODUCT_NAME = "$(TARGET_NAME)";
				SWIFT_VERSION = 5.0;
				TARGETED_DEVICE_FAMILY = "1,2";
			};
			name = Debug;
		};
		B58E44412561648900ADE4B8 /* Release */ = {
			isa = XCBuildConfiguration;
			buildSettings = {
				ASSETCATALOG_COMPILER_APPICON_NAME = AppIcon;
				ASSETCATALOG_COMPILER_GLOBAL_ACCENT_COLOR_NAME = AccentColor;
				CODE_SIGN_STYLE = Automatic;
				INFOPLIST_FILE = MoviePlayer/Info.plist;
				LD_RUNPATH_SEARCH_PATHS = (
					"$(inherited)",
					"@executable_path/Frameworks",
				);
				PRODUCT_BUNDLE_IDENTIFIER = net.macnpc.MoviePlayer;
				PRODUCT_NAME = "$(TARGET_NAME)";
				SWIFT_VERSION = 5.0;
				TARGETED_DEVICE_FAMILY = "1,2";
			};
			name = Release;
		};
/* End XCBuildConfiguration section */

/* Begin XCConfigurationList section */
		B58E44262561648800ADE4B8 /* Build configuration list for PBXProject "MoviePlayer" */ = {
			isa = XCConfigurationList;
			buildConfigurations = (
				B58E443D2561648900ADE4B8 /* Debug */,
				B58E443E2561648900ADE4B8 /* Release */,
			);
			defaultConfigurationIsVisible = 0;
			defaultConfigurationName = Release;
		};
		B58E443F2561648900ADE4B8 /* Build configuration list for PBXNativeTarget "MoviePlayer" */ = {
			isa = XCConfigurationList;
			buildConfigurations = (
				B58E44402561648900ADE4B8 /* Debug */,
				B58E44412561648900ADE4B8 /* Release */,
			);
			defaultConfigurationIsVisible = 0;
			defaultConfigurationName = Release;
		};
/* End XCConfigurationList section */
	};
	rootObject = B58E44232561648800ADE4B8 /* Project object */;
}
