// !$*UTF8*$!
{
	archiveVersion = 1;
	classes = {
	};
	objectVersion = 50;
	objects = {

/* Begin PBXBuildFile section */
		ED6401C3261545DF00C84270 /* AppDelegate.swift in Sources */ = {isa = PBXBuildFile; fileRef = ED6401C2261545DF00C84270 /* AppDelegate.swift */; };
		ED6401C5261545DF00C84270 /* SceneDelegate.swift in Sources */ = {isa = PBXBuildFile; fileRef = ED6401C4261545DF00C84270 /* SceneDelegate.swift */; };
		ED6401C7261545DF00C84270 /* ViewController.swift in Sources */ = {isa = PBXBuildFile; fileRef = ED6401C6261545DF00C84270 /* ViewController.swift */; };
		ED6401CA261545DF00C84270 /* Main.storyboard in Resources */ = {isa = PBXBuildFile; fileRef = ED6401C8261545DF00C84270 /* Main.storyboard */; };
		ED6401CC261545E000C84270 /* Assets.xcassets in Resources */ = {isa = PBXBuildFile; fileRef = ED6401CB261545E000C84270 /* Assets.xcassets */; };
		ED6401CF261545E000C84270 /* LaunchScreen.storyboard in Resources */ = {isa = PBXBuildFile; fileRef = ED6401CD261545E000C84270 /* LaunchScreen.storyboard */; };
		ED6401D826154B4500C84270 /* SpeechBubble.xib in Resources */ = {isa = PBXBuildFile; fileRef = ED6401D726154B4500C84270 /* SpeechBubble.xib */; };
		ED6401DB26154B7400C84270 /* SpeecheBubble.swift in Sources */ = {isa = PBXBuildFile; fileRef = ED6401DA26154B7400C84270 /* SpeecheBubble.swift */; };
		ED6401DE2615506E00C84270 /* CustomButton.swift in Sources */ = {isa = PBXBuildFile; fileRef = ED6401DD2615506E00C84270 /* CustomButton.swift */; };
/* End PBXBuildFile section */

/* Begin PBXFileReference section */
		ED6401BF261545DF00C84270 /* StudyCustomView.app */ = {isa = PBXFileReference; explicitFileType = wrapper.application; includeInIndex = 0; path = StudyCustomView.app; sourceTree = BUILT_PRODUCTS_DIR; };
		ED6401C2261545DF00C84270 /* AppDelegate.swift */ = {isa = PBXFileReference; lastKnownFileType = sourcecode.swift; path = AppDelegate.swift; sourceTree = "<group>"; };
		ED6401C4261545DF00C84270 /* SceneDelegate.swift */ = {isa = PBXFileReference; lastKnownFileType = sourcecode.swift; path = SceneDelegate.swift; sourceTree = "<group>"; };
		ED6401C6261545DF00C84270 /* ViewController.swift */ = {isa = PBXFileReference; lastKnownFileType = sourcecode.swift; path = ViewController.swift; sourceTree = "<group>"; };
		ED6401C9261545DF00C84270 /* Base */ = {isa = PBXFileReference; lastKnownFileType = file.storyboard; name = Base; path = Base.lproj/Main.storyboard; sourceTree = "<group>"; };
		ED6401CB261545E000C84270 /* Assets.xcassets */ = {isa = PBXFileReference; lastKnownFileType = folder.assetcatalog; path = Assets.xcassets; sourceTree = "<group>"; };
		ED6401CE261545E000C84270 /* Base */ = {isa = PBXFileReference; lastKnownFileType = file.storyboard; name = Base; path = Base.lproj/LaunchScreen.storyboard; sourceTree = "<group>"; };
		ED6401D0261545E000C84270 /* Info.plist */ = {isa = PBXFileReference; lastKnownFileType = text.plist.xml; path = Info.plist; sourceTree = "<group>"; };
		ED6401D726154B4500C84270 /* SpeechBubble.xib */ = {isa = PBXFileReference; lastKnownFileType = file.xib; path = SpeechBubble.xib; sourceTree = "<group>"; };
		ED6401DA26154B7400C84270 /* SpeecheBubble.swift */ = {isa = PBXFileReference; lastKnownFileType = sourcecode.swift; path = SpeecheBubble.swift; sourceTree = "<group>"; };
		ED6401DD2615506E00C84270 /* CustomButton.swift */ = {isa = PBXFileReference; lastKnownFileType = sourcecode.swift; path = CustomButton.swift; sourceTree = "<group>"; };
/* End PBXFileReference section */

/* Begin PBXFrameworksBuildPhase section */
		ED6401BC261545DF00C84270 /* Frameworks */ = {
			isa = PBXFrameworksBuildPhase;
			buildActionMask = 2147483647;
			files = (
			);
			runOnlyForDeploymentPostprocessing = 0;
		};
/* End PBXFrameworksBuildPhase section */

/* Begin PBXGroup section */
		ED6401B6261545DF00C84270 = {
			isa = PBXGroup;
			children = (
				ED6401C1261545DF00C84270 /* StudyCustomView */,
				ED6401C0261545DF00C84270 /* Products */,
			);
			sourceTree = "<group>";
		};
		ED6401C0261545DF00C84270 /* Products */ = {
			isa = PBXGroup;
			children = (
				ED6401BF261545DF00C84270 /* StudyCustomView.app */,
			);
			name = Products;
			sourceTree = "<group>";
		};
		ED6401C1261545DF00C84270 /* StudyCustomView */ = {
			isa = PBXGroup;
			children = (
				ED6401C2261545DF00C84270 /* AppDelegate.swift */,
				ED6401C4261545DF00C84270 /* SceneDelegate.swift */,
				ED6401C6261545DF00C84270 /* ViewController.swift */,
				ED6401C8261545DF00C84270 /* Main.storyboard */,
				ED6401CB261545E000C84270 /* Assets.xcassets */,
				ED6401CD261545E000C84270 /* LaunchScreen.storyboard */,
				ED6401D0261545E000C84270 /* Info.plist */,
				ED6401D726154B4500C84270 /* SpeechBubble.xib */,
				ED6401DA26154B7400C84270 /* SpeecheBubble.swift */,
				ED6401DD2615506E00C84270 /* CustomButton.swift */,
			);
			path = StudyCustomView;
			sourceTree = "<group>";
		};
/* End PBXGroup section */

/* Begin PBXNativeTarget section */
		ED6401BE261545DF00C84270 /* StudyCustomView */ = {
			isa = PBXNativeTarget;
			buildConfigurationList = ED6401D3261545E000C84270 /* Build configuration list for PBXNativeTarget "StudyCustomView" */;
			buildPhases = (
				ED6401BB261545DF00C84270 /* Sources */,
				ED6401BC261545DF00C84270 /* Frameworks */,
				ED6401BD261545DF00C84270 /* Resources */,
			);
			buildRules = (
			);
			dependencies = (
			);
			name = StudyCustomView;
			productName = StudyCustomView;
			productReference = ED6401BF261545DF00C84270 /* StudyCustomView.app */;
			productType = "com.apple.product-type.application";
		};
/* End PBXNativeTarget section */

/* Begin PBXProject section */
		ED6401B7261545DF00C84270 /* Project object */ = {
			isa = PBXProject;
			attributes = {
				LastSwiftUpdateCheck = 1240;
				LastUpgradeCheck = 1240;
				TargetAttributes = {
					ED6401BE261545DF00C84270 = {
						CreatedOnToolsVersion = 12.4;
					};
				};
			};
			buildConfigurationList = ED6401BA261545DF00C84270 /* Build configuration list for PBXProject "StudyCustomView" */;
			compatibilityVersion = "Xcode 9.3";
			developmentRegion = en;
			hasScannedForEncodings = 0;
			knownRegions = (
				en,
				Base,
			);
			mainGroup = ED6401B6261545DF00C84270;
			productRefGroup = ED6401C0261545DF00C84270 /* Products */;
			projectDirPath = "";
			projectRoot = "";
			targets = (
				ED6401BE261545DF00C84270 /* StudyCustomView */,
			);
		};
/* End PBXProject section */

/* Begin PBXResourcesBuildPhase section */
		ED6401BD261545DF00C84270 /* Resources */ = {
			isa = PBXResourcesBuildPhase;
			buildActionMask = 2147483647;
			files = (
				ED6401CF261545E000C84270 /* LaunchScreen.storyboard in Resources */,
				ED6401D826154B4500C84270 /* SpeechBubble.xib in Resources */,
				ED6401CC261545E000C84270 /* Assets.xcassets in Resources */,
				ED6401CA261545DF00C84270 /* Main.storyboard in Resources */,
			);
			runOnlyForDeploymentPostprocessing = 0;
		};
/* End PBXResourcesBuildPhase section */

/* Begin PBXSourcesBuildPhase section */
		ED6401BB261545DF00C84270 /* Sources */ = {
			isa = PBXSourcesBuildPhase;
			buildActionMask = 2147483647;
			files = (
				ED6401C7261545DF00C84270 /* ViewController.swift in Sources */,
				ED6401C3261545DF00C84270 /* AppDelegate.swift in Sources */,
				ED6401C5261545DF00C84270 /* SceneDelegate.swift in Sources */,
				ED6401DB26154B7400C84270 /* SpeecheBubble.swift in Sources */,
				ED6401DE2615506E00C84270 /* CustomButton.swift in Sources */,
			);
			runOnlyForDeploymentPostprocessing = 0;
		};
/* End PBXSourcesBuildPhase section */

/* Begin PBXVariantGroup section */
		ED6401C8261545DF00C84270 /* Main.storyboard */ = {
			isa = PBXVariantGroup;
			children = (
				ED6401C9261545DF00C84270 /* Base */,
			);
			name = Main.storyboard;
			sourceTree = "<group>";
		};
		ED6401CD261545E000C84270 /* LaunchScreen.storyboard */ = {
			isa = PBXVariantGroup;
			children = (
				ED6401CE261545E000C84270 /* Base */,
			);
			name = LaunchScreen.storyboard;
			sourceTree = "<group>";
		};
/* End PBXVariantGroup section */

/* Begin XCBuildConfiguration section */
		ED6401D1261545E000C84270 /* Debug */ = {
			isa = XCBuildConfiguration;
			buildSettings = {
				ALWAYS_SEARCH_USER_PATHS = NO;
				CLANG_ANALYZER_NONNULL = YES;
				CLANG_ANALYZER_NUMBER_OBJECT_CONVERSION = YES_AGGRESSIVE;
				CLANG_CXX_LANGUAGE_STANDARD = "gnu++14";
				CLANG_CXX_LIBRARY = "libc++";
				CLANG_ENABLE_MODULES = YES;
				CLANG_ENABLE_OBJC_ARC = YES;
				CLANG_ENABLE_OBJC_WEAK = YES;
				CLANG_WARN_BLOCK_CAPTURE_AUTORELEASING = YES;
				CLANG_WARN_BOOL_CONVERSION = YES;
				CLANG_WARN_COMMA = YES;
				CLANG_WARN_CONSTANT_CONVERSION = YES;
				CLANG_WARN_DEPRECATED_OBJC_IMPLEMENTATIONS = YES;
				CLANG_WARN_DIRECT_OBJC_ISA_USAGE = YES_ERROR;
				CLANG_WARN_DOCUMENTATION_COMMENTS = YES;
				CLANG_WARN_EMPTY_BODY = YES;
				CLANG_WARN_ENUM_CONVERSION = YES;
				CLANG_WARN_INFINITE_RECURSION = YES;
				CLANG_WARN_INT_CONVERSION = YES;
				CLANG_WARN_NON_LITERAL_NULL_CONVERSION = YES;
				CLANG_WARN_OBJC_IMPLICIT_RETAIN_SELF = YES;
				CLANG_WARN_OBJC_LITERAL_CONVERSION = YES;
				CLANG_WARN_OBJC_ROOT_CLASS = YES_ERROR;
				CLANG_WARN_QUOTED_INCLUDE_IN_FRAMEWORK_HEADER = YES;
				CLANG_WARN_RANGE_LOOP_ANALYSIS = YES;
				CLANG_WARN_STRICT_PROTOTYPES = YES;
				CLANG_WARN_SUSPICIOUS_MOVE = YES;
				CLANG_WARN_UNGUARDED_AVAILABILITY = YES_AGGRESSIVE;
				CLANG_WARN_UNREACHABLE_CODE = YES;
				CLANG_WARN__DUPLICATE_METHOD_MATCH = YES;
				COPY_PHASE_STRIP = NO;
				DEBUG_INFORMATION_FORMAT = dwarf;
				ENABLE_STRICT_OBJC_MSGSEND = YES;
				ENABLE_TESTABILITY = YES;
				GCC_C_LANGUAGE_STANDARD = gnu11;
				GCC_DYNAMIC_NO_PIC = NO;
				GCC_NO_COMMON_BLOCKS = YES;
				GCC_OPTIMIZATION_LEVEL = 0;
				GCC_PREPROCESSOR_DEFINITIONS = (
					"DEBUG=1",
					"$(inherited)",
				);
				GCC_WARN_64_TO_32_BIT_CONVERSION = YES;
				GCC_WARN_ABOUT_RETURN_TYPE = YES_ERROR;
				GCC_WARN_UNDECLARED_SELECTOR = YES;
				GCC_WARN_UNINITIALIZED_AUTOS = YES_AGGRESSIVE;
				GCC_WARN_UNUSED_FUNCTION = YES;
				GCC_WARN_UNUSED_VARIABLE = YES;
				IPHONEOS_DEPLOYMENT_TARGET = 14.4;
				MTL_ENABLE_DEBUG_INFO = INCLUDE_SOURCE;
				MTL_FAST_MATH = YES;
				ONLY_ACTIVE_ARCH = YES;
				SDKROOT = iphoneos;
				SWIFT_ACTIVE_COMPILATION_CONDITIONS = DEBUG;
				SWIFT_OPTIMIZATION_LEVEL = "-Onone";
			};
			name = Debug;
		};
		ED6401D2261545E000C84270 /* Release */ = {
			isa = XCBuildConfiguration;
			buildSettings = {
				ALWAYS_SEARCH_USER_PATHS = NO;
				CLANG_ANALYZER_NONNULL = YES;
				CLANG_ANALYZER_NUMBER_OBJECT_CONVERSION = YES_AGGRESSIVE;
				CLANG_CXX_LANGUAGE_STANDARD = "gnu++14";
				CLANG_CXX_LIBRARY = "libc++";
				CLANG_ENABLE_MODULES = YES;
				CLANG_ENABLE_OBJC_ARC = YES;
				CLANG_ENABLE_OBJC_WEAK = YES;
				CLANG_WARN_BLOCK_CAPTURE_AUTORELEASING = YES;
				CLANG_WARN_BOOL_CONVERSION = YES;
				CLANG_WARN_COMMA = YES;
				CLANG_WARN_CONSTANT_CONVERSION = YES;
				CLANG_WARN_DEPRECATED_OBJC_IMPLEMENTATIONS = YES;
				CLANG_WARN_DIRECT_OBJC_ISA_USAGE = YES_ERROR;
				CLANG_WARN_DOCUMENTATION_COMMENTS = YES;
				CLANG_WARN_EMPTY_BODY = YES;
				CLANG_WARN_ENUM_CONVERSION = YES;
				CLANG_WARN_INFINITE_RECURSION = YES;
				CLANG_WARN_INT_CONVERSION = YES;
				CLANG_WARN_NON_LITERAL_NULL_CONVERSION = YES;
				CLANG_WARN_OBJC_IMPLICIT_RETAIN_SELF = YES;
				CLANG_WARN_OBJC_LITERAL_CONVERSION = YES;
				CLANG_WARN_OBJC_ROOT_CLASS = YES_ERROR;
				CLANG_WARN_QUOTED_INCLUDE_IN_FRAMEWORK_HEADER = YES;
				CLANG_WARN_RANGE_LOOP_ANALYSIS = YES;
				CLANG_WARN_STRICT_PROTOTYPES = YES;
				CLANG_WARN_SUSPICIOUS_MOVE = YES;
				CLANG_WARN_UNGUARDED_AVAILABILITY = YES_AGGRESSIVE;
				CLANG_WARN_UNREACHABLE_CODE = YES;
				CLANG_WARN__DUPLICATE_METHOD_MATCH = YES;
				COPY_PHASE_STRIP = NO;
				DEBUG_INFORMATION_FORMAT = "dwarf-with-dsym";
				ENABLE_NS_ASSERTIONS = NO;
				ENABLE_STRICT_OBJC_MSGSEND = YES;
				GCC_C_LANGUAGE_STANDARD = gnu11;
				GCC_NO_COMMON_BLOCKS = YES;
				GCC_WARN_64_TO_32_BIT_CONVERSION = YES;
				GCC_WARN_ABOUT_RETURN_TYPE = YES_ERROR;
				GCC_WARN_UNDECLARED_SELECTOR = YES;
				GCC_WARN_UNINITIALIZED_AUTOS = YES_AGGRESSIVE;
				GCC_WARN_UNUSED_FUNCTION = YES;
				GCC_WARN_UNUSED_VARIABLE = YES;
				IPHONEOS_DEPLOYMENT_TARGET = 14.4;
				MTL_ENABLE_DEBUG_INFO = NO;
				MTL_FAST_MATH = YES;
				SDKROOT = iphoneos;
				SWIFT_COMPILATION_MODE = wholemodule;
				SWIFT_OPTIMIZATION_LEVEL = "-O";
				VALIDATE_PRODUCT = YES;
			};
			name = Release;
		};
		ED6401D4261545E000C84270 /* Debug */ = {
			isa = XCBuildConfiguration;
			buildSettings = {
				ASSETCATALOG_COMPILER_APPICON_NAME = AppIcon;
				ASSETCATALOG_COMPILER_GLOBAL_ACCENT_COLOR_NAME = AccentColor;
				CODE_SIGN_STYLE = Automatic;
				DEVELOPMENT_TEAM = 2MWU6L5FJR;
				INFOPLIST_FILE = StudyCustomView/Info.plist;
				LD_RUNPATH_SEARCH_PATHS = (
					"$(inherited)",
					"@executable_path/Frameworks",
				);
				PRODUCT_BUNDLE_IDENTIFIER = Study.StudyCustomView;
				PRODUCT_NAME = "$(TARGET_NAME)";
				SWIFT_VERSION = 5.0;
				TARGETED_DEVICE_FAMILY = "1,2";
			};
			name = Debug;
		};
		ED6401D5261545E000C84270 /* Release */ = {
			isa = XCBuildConfiguration;
			buildSettings = {
				ASSETCATALOG_COMPILER_APPICON_NAME = AppIcon;
				ASSETCATALOG_COMPILER_GLOBAL_ACCENT_COLOR_NAME = AccentColor;
				CODE_SIGN_STYLE = Automatic;
				DEVELOPMENT_TEAM = 2MWU6L5FJR;
				INFOPLIST_FILE = StudyCustomView/Info.plist;
				LD_RUNPATH_SEARCH_PATHS = (
					"$(inherited)",
					"@executable_path/Frameworks",
				);
				PRODUCT_BUNDLE_IDENTIFIER = Study.StudyCustomView;
				PRODUCT_NAME = "$(TARGET_NAME)";
				SWIFT_VERSION = 5.0;
				TARGETED_DEVICE_FAMILY = "1,2";
			};
			name = Release;
		};
/* End XCBuildConfiguration section */

/* Begin XCConfigurationList section */
		ED6401BA261545DF00C84270 /* Build configuration list for PBXProject "StudyCustomView" */ = {
			isa = XCConfigurationList;
			buildConfigurations = (
				ED6401D1261545E000C84270 /* Debug */,
				ED6401D2261545E000C84270 /* Release */,
			);
			defaultConfigurationIsVisible = 0;
			defaultConfigurationName = Release;
		};
		ED6401D3261545E000C84270 /* Build configuration list for PBXNativeTarget "StudyCustomView" */ = {
			isa = XCConfigurationList;
			buildConfigurations = (
				ED6401D4261545E000C84270 /* Debug */,
				ED6401D5261545E000C84270 /* Release */,
			);
			defaultConfigurationIsVisible = 0;
			defaultConfigurationName = Release;
		};
/* End XCConfigurationList section */
	};
	rootObject = ED6401B7261545DF00C84270 /* Project object */;
}
