// !$*UTF8*$!
{
	archiveVersion = 1;
	classes = {
	};
	objectVersion = 50;
	objects = {

/* Begin PBXBuildFile section */
		ED29DB5A2594AB3F007041DE /* AppDelegate.swift in Sources */ = {isa = PBXBuildFile; fileRef = ED29DB592594AB3F007041DE /* AppDelegate.swift */; };
		ED29DB5C2594AB3F007041DE /* SceneDelegate.swift in Sources */ = {isa = PBXBuildFile; fileRef = ED29DB5B2594AB3F007041DE /* SceneDelegate.swift */; };
		ED29DB5E2594AB3F007041DE /* ViewController.swift in Sources */ = {isa = PBXBuildFile; fileRef = ED29DB5D2594AB3F007041DE /* ViewController.swift */; };
		ED29DB612594AB3F007041DE /* Main.storyboard in Resources */ = {isa = PBXBuildFile; fileRef = ED29DB5F2594AB3F007041DE /* Main.storyboard */; };
		ED29DB632594AB41007041DE /* Assets.xcassets in Resources */ = {isa = PBXBuildFile; fileRef = ED29DB622594AB41007041DE /* Assets.xcassets */; };
		ED29DB662594AB41007041DE /* LaunchScreen.storyboard in Resources */ = {isa = PBXBuildFile; fileRef = ED29DB642594AB41007041DE /* LaunchScreen.storyboard */; };
		ED29DB712594AB42007041DE /* MusicAppTests.swift in Sources */ = {isa = PBXBuildFile; fileRef = ED29DB702594AB42007041DE /* MusicAppTests.swift */; };
		ED29DB7C2594AB42007041DE /* MusicAppUITests.swift in Sources */ = {isa = PBXBuildFile; fileRef = ED29DB7B2594AB42007041DE /* MusicAppUITests.swift */; };
/* End PBXBuildFile section */

/* Begin PBXContainerItemProxy section */
		ED29DB6D2594AB42007041DE /* PBXContainerItemProxy */ = {
			isa = PBXContainerItemProxy;
			containerPortal = ED29DB4E2594AB3F007041DE /* Project object */;
			proxyType = 1;
			remoteGlobalIDString = ED29DB552594AB3F007041DE;
			remoteInfo = MusicApp;
		};
		ED29DB782594AB42007041DE /* PBXContainerItemProxy */ = {
			isa = PBXContainerItemProxy;
			containerPortal = ED29DB4E2594AB3F007041DE /* Project object */;
			proxyType = 1;
			remoteGlobalIDString = ED29DB552594AB3F007041DE;
			remoteInfo = MusicApp;
		};
/* End PBXContainerItemProxy section */

/* Begin PBXFileReference section */
		ED29DB562594AB3F007041DE /* MusicApp.app */ = {isa = PBXFileReference; explicitFileType = wrapper.application; includeInIndex = 0; path = MusicApp.app; sourceTree = BUILT_PRODUCTS_DIR; };
		ED29DB592594AB3F007041DE /* AppDelegate.swift */ = {isa = PBXFileReference; lastKnownFileType = sourcecode.swift; path = AppDelegate.swift; sourceTree = "<group>"; };
		ED29DB5B2594AB3F007041DE /* SceneDelegate.swift */ = {isa = PBXFileReference; lastKnownFileType = sourcecode.swift; path = SceneDelegate.swift; sourceTree = "<group>"; };
		ED29DB5D2594AB3F007041DE /* ViewController.swift */ = {isa = PBXFileReference; lastKnownFileType = sourcecode.swift; path = ViewController.swift; sourceTree = "<group>"; };
		ED29DB602594AB3F007041DE /* Base */ = {isa = PBXFileReference; lastKnownFileType = file.storyboard; name = Base; path = Base.lproj/Main.storyboard; sourceTree = "<group>"; };
		ED29DB622594AB41007041DE /* Assets.xcassets */ = {isa = PBXFileReference; lastKnownFileType = folder.assetcatalog; path = Assets.xcassets; sourceTree = "<group>"; };
		ED29DB652594AB41007041DE /* Base */ = {isa = PBXFileReference; lastKnownFileType = file.storyboard; name = Base; path = Base.lproj/LaunchScreen.storyboard; sourceTree = "<group>"; };
		ED29DB672594AB41007041DE /* Info.plist */ = {isa = PBXFileReference; lastKnownFileType = text.plist.xml; path = Info.plist; sourceTree = "<group>"; };
		ED29DB6C2594AB42007041DE /* MusicAppTests.xctest */ = {isa = PBXFileReference; explicitFileType = wrapper.cfbundle; includeInIndex = 0; path = MusicAppTests.xctest; sourceTree = BUILT_PRODUCTS_DIR; };
		ED29DB702594AB42007041DE /* MusicAppTests.swift */ = {isa = PBXFileReference; lastKnownFileType = sourcecode.swift; path = MusicAppTests.swift; sourceTree = "<group>"; };
		ED29DB722594AB42007041DE /* Info.plist */ = {isa = PBXFileReference; lastKnownFileType = text.plist.xml; path = Info.plist; sourceTree = "<group>"; };
		ED29DB772594AB42007041DE /* MusicAppUITests.xctest */ = {isa = PBXFileReference; explicitFileType = wrapper.cfbundle; includeInIndex = 0; path = MusicAppUITests.xctest; sourceTree = BUILT_PRODUCTS_DIR; };
		ED29DB7B2594AB42007041DE /* MusicAppUITests.swift */ = {isa = PBXFileReference; lastKnownFileType = sourcecode.swift; path = MusicAppUITests.swift; sourceTree = "<group>"; };
		ED29DB7D2594AB42007041DE /* Info.plist */ = {isa = PBXFileReference; lastKnownFileType = text.plist.xml; path = Info.plist; sourceTree = "<group>"; };
/* End PBXFileReference section */

/* Begin PBXFrameworksBuildPhase section */
		ED29DB532594AB3F007041DE /* Frameworks */ = {
			isa = PBXFrameworksBuildPhase;
			buildActionMask = 2147483647;
			files = (
			);
			runOnlyForDeploymentPostprocessing = 0;
		};
		ED29DB692594AB42007041DE /* Frameworks */ = {
			isa = PBXFrameworksBuildPhase;
			buildActionMask = 2147483647;
			files = (
			);
			runOnlyForDeploymentPostprocessing = 0;
		};
		ED29DB742594AB42007041DE /* Frameworks */ = {
			isa = PBXFrameworksBuildPhase;
			buildActionMask = 2147483647;
			files = (
			);
			runOnlyForDeploymentPostprocessing = 0;
		};
/* End PBXFrameworksBuildPhase section */

/* Begin PBXGroup section */
		ED29DB4D2594AB3F007041DE = {
			isa = PBXGroup;
			children = (
				ED29DB582594AB3F007041DE /* MusicApp */,
				ED29DB6F2594AB42007041DE /* MusicAppTests */,
				ED29DB7A2594AB42007041DE /* MusicAppUITests */,
				ED29DB572594AB3F007041DE /* Products */,
			);
			sourceTree = "<group>";
		};
		ED29DB572594AB3F007041DE /* Products */ = {
			isa = PBXGroup;
			children = (
				ED29DB562594AB3F007041DE /* MusicApp.app */,
				ED29DB6C2594AB42007041DE /* MusicAppTests.xctest */,
				ED29DB772594AB42007041DE /* MusicAppUITests.xctest */,
			);
			name = Products;
			sourceTree = "<group>";
		};
		ED29DB582594AB3F007041DE /* MusicApp */ = {
			isa = PBXGroup;
			children = (
				ED29DB592594AB3F007041DE /* AppDelegate.swift */,
				ED29DB5B2594AB3F007041DE /* SceneDelegate.swift */,
				ED29DB5D2594AB3F007041DE /* ViewController.swift */,
				ED29DB5F2594AB3F007041DE /* Main.storyboard */,
				ED29DB622594AB41007041DE /* Assets.xcassets */,
				ED29DB642594AB41007041DE /* LaunchScreen.storyboard */,
				ED29DB672594AB41007041DE /* Info.plist */,
			);
			path = MusicApp;
			sourceTree = "<group>";
		};
		ED29DB6F2594AB42007041DE /* MusicAppTests */ = {
			isa = PBXGroup;
			children = (
				ED29DB702594AB42007041DE /* MusicAppTests.swift */,
				ED29DB722594AB42007041DE /* Info.plist */,
			);
			path = MusicAppTests;
			sourceTree = "<group>";
		};
		ED29DB7A2594AB42007041DE /* MusicAppUITests */ = {
			isa = PBXGroup;
			children = (
				ED29DB7B2594AB42007041DE /* MusicAppUITests.swift */,
				ED29DB7D2594AB42007041DE /* Info.plist */,
			);
			path = MusicAppUITests;
			sourceTree = "<group>";
		};
/* End PBXGroup section */

/* Begin PBXNativeTarget section */
		ED29DB552594AB3F007041DE /* MusicApp */ = {
			isa = PBXNativeTarget;
			buildConfigurationList = ED29DB802594AB42007041DE /* Build configuration list for PBXNativeTarget "MusicApp" */;
			buildPhases = (
				ED29DB522594AB3F007041DE /* Sources */,
				ED29DB532594AB3F007041DE /* Frameworks */,
				ED29DB542594AB3F007041DE /* Resources */,
			);
			buildRules = (
			);
			dependencies = (
			);
			name = MusicApp;
			productName = MusicApp;
			productReference = ED29DB562594AB3F007041DE /* MusicApp.app */;
			productType = "com.apple.product-type.application";
		};
		ED29DB6B2594AB42007041DE /* MusicAppTests */ = {
			isa = PBXNativeTarget;
			buildConfigurationList = ED29DB832594AB42007041DE /* Build configuration list for PBXNativeTarget "MusicAppTests" */;
			buildPhases = (
				ED29DB682594AB42007041DE /* Sources */,
				ED29DB692594AB42007041DE /* Frameworks */,
				ED29DB6A2594AB42007041DE /* Resources */,
			);
			buildRules = (
			);
			dependencies = (
				ED29DB6E2594AB42007041DE /* PBXTargetDependency */,
			);
			name = MusicAppTests;
			productName = MusicAppTests;
			productReference = ED29DB6C2594AB42007041DE /* MusicAppTests.xctest */;
			productType = "com.apple.product-type.bundle.unit-test";
		};
		ED29DB762594AB42007041DE /* MusicAppUITests */ = {
			isa = PBXNativeTarget;
			buildConfigurationList = ED29DB862594AB42007041DE /* Build configuration list for PBXNativeTarget "MusicAppUITests" */;
			buildPhases = (
				ED29DB732594AB42007041DE /* Sources */,
				ED29DB742594AB42007041DE /* Frameworks */,
				ED29DB752594AB42007041DE /* Resources */,
			);
			buildRules = (
			);
			dependencies = (
				ED29DB792594AB42007041DE /* PBXTargetDependency */,
			);
			name = MusicAppUITests;
			productName = MusicAppUITests;
			productReference = ED29DB772594AB42007041DE /* MusicAppUITests.xctest */;
			productType = "com.apple.product-type.bundle.ui-testing";
		};
/* End PBXNativeTarget section */

/* Begin PBXProject section */
		ED29DB4E2594AB3F007041DE /* Project object */ = {
			isa = PBXProject;
			attributes = {
				LastSwiftUpdateCheck = 1230;
				LastUpgradeCheck = 1230;
				TargetAttributes = {
					ED29DB552594AB3F007041DE = {
						CreatedOnToolsVersion = 12.3;
					};
					ED29DB6B2594AB42007041DE = {
						CreatedOnToolsVersion = 12.3;
						TestTargetID = ED29DB552594AB3F007041DE;
					};
					ED29DB762594AB42007041DE = {
						CreatedOnToolsVersion = 12.3;
						TestTargetID = ED29DB552594AB3F007041DE;
					};
				};
			};
			buildConfigurationList = ED29DB512594AB3F007041DE /* Build configuration list for PBXProject "MusicApp" */;
			compatibilityVersion = "Xcode 9.3";
			developmentRegion = en;
			hasScannedForEncodings = 0;
			knownRegions = (
				en,
				Base,
			);
			mainGroup = ED29DB4D2594AB3F007041DE;
			productRefGroup = ED29DB572594AB3F007041DE /* Products */;
			projectDirPath = "";
			projectRoot = "";
			targets = (
				ED29DB552594AB3F007041DE /* MusicApp */,
				ED29DB6B2594AB42007041DE /* MusicAppTests */,
				ED29DB762594AB42007041DE /* MusicAppUITests */,
			);
		};
/* End PBXProject section */

/* Begin PBXResourcesBuildPhase section */
		ED29DB542594AB3F007041DE /* Resources */ = {
			isa = PBXResourcesBuildPhase;
			buildActionMask = 2147483647;
			files = (
				ED29DB662594AB41007041DE /* LaunchScreen.storyboard in Resources */,
				ED29DB632594AB41007041DE /* Assets.xcassets in Resources */,
				ED29DB612594AB3F007041DE /* Main.storyboard in Resources */,
			);
			runOnlyForDeploymentPostprocessing = 0;
		};
		ED29DB6A2594AB42007041DE /* Resources */ = {
			isa = PBXResourcesBuildPhase;
			buildActionMask = 2147483647;
			files = (
			);
			runOnlyForDeploymentPostprocessing = 0;
		};
		ED29DB752594AB42007041DE /* Resources */ = {
			isa = PBXResourcesBuildPhase;
			buildActionMask = 2147483647;
			files = (
			);
			runOnlyForDeploymentPostprocessing = 0;
		};
/* End PBXResourcesBuildPhase section */

/* Begin PBXSourcesBuildPhase section */
		ED29DB522594AB3F007041DE /* Sources */ = {
			isa = PBXSourcesBuildPhase;
			buildActionMask = 2147483647;
			files = (
				ED29DB5E2594AB3F007041DE /* ViewController.swift in Sources */,
				ED29DB5A2594AB3F007041DE /* AppDelegate.swift in Sources */,
				ED29DB5C2594AB3F007041DE /* SceneDelegate.swift in Sources */,
			);
			runOnlyForDeploymentPostprocessing = 0;
		};
		ED29DB682594AB42007041DE /* Sources */ = {
			isa = PBXSourcesBuildPhase;
			buildActionMask = 2147483647;
			files = (
				ED29DB712594AB42007041DE /* MusicAppTests.swift in Sources */,
			);
			runOnlyForDeploymentPostprocessing = 0;
		};
		ED29DB732594AB42007041DE /* Sources */ = {
			isa = PBXSourcesBuildPhase;
			buildActionMask = 2147483647;
			files = (
				ED29DB7C2594AB42007041DE /* MusicAppUITests.swift in Sources */,
			);
			runOnlyForDeploymentPostprocessing = 0;
		};
/* End PBXSourcesBuildPhase section */

/* Begin PBXTargetDependency section */
		ED29DB6E2594AB42007041DE /* PBXTargetDependency */ = {
			isa = PBXTargetDependency;
			target = ED29DB552594AB3F007041DE /* MusicApp */;
			targetProxy = ED29DB6D2594AB42007041DE /* PBXContainerItemProxy */;
		};
		ED29DB792594AB42007041DE /* PBXTargetDependency */ = {
			isa = PBXTargetDependency;
			target = ED29DB552594AB3F007041DE /* MusicApp */;
			targetProxy = ED29DB782594AB42007041DE /* PBXContainerItemProxy */;
		};
/* End PBXTargetDependency section */

/* Begin PBXVariantGroup section */
		ED29DB5F2594AB3F007041DE /* Main.storyboard */ = {
			isa = PBXVariantGroup;
			children = (
				ED29DB602594AB3F007041DE /* Base */,
			);
			name = Main.storyboard;
			sourceTree = "<group>";
		};
		ED29DB642594AB41007041DE /* LaunchScreen.storyboard */ = {
			isa = PBXVariantGroup;
			children = (
				ED29DB652594AB41007041DE /* Base */,
			);
			name = LaunchScreen.storyboard;
			sourceTree = "<group>";
		};
/* End PBXVariantGroup section */

/* Begin XCBuildConfiguration section */
		ED29DB7E2594AB42007041DE /* Debug */ = {
			isa = XCBuildConfiguration;
			buildSettings = {
				ALWAYS_SEARCH_USER_PATHS = NO;
				CLANG_ANALYZER_NONNULL = YES;
				CLANG_ANALYZER_NUMBER_OBJECT_CONVERSION = YES_AGGRESSIVE;
				CLANG_CXX_LANGUAGE_STANDARD = "gnu++14";
				CLANG_CXX_LIBRARY = "libc++";
				CLANG_ENABLE_MODULES = YES;
				CLANG_ENABLE_OBJC_ARC = YES;
				CLANG_ENABLE_OBJC_WEAK = YES;
				CLANG_WARN_BLOCK_CAPTURE_AUTORELEASING = YES;
				CLANG_WARN_BOOL_CONVERSION = YES;
				CLANG_WARN_COMMA = YES;
				CLANG_WARN_CONSTANT_CONVERSION = YES;
				CLANG_WARN_DEPRECATED_OBJC_IMPLEMENTATIONS = YES;
				CLANG_WARN_DIRECT_OBJC_ISA_USAGE = YES_ERROR;
				CLANG_WARN_DOCUMENTATION_COMMENTS = YES;
				CLANG_WARN_EMPTY_BODY = YES;
				CLANG_WARN_ENUM_CONVERSION = YES;
				CLANG_WARN_INFINITE_RECURSION = YES;
				CLANG_WARN_INT_CONVERSION = YES;
				CLANG_WARN_NON_LITERAL_NULL_CONVERSION = YES;
				CLANG_WARN_OBJC_IMPLICIT_RETAIN_SELF = YES;
				CLANG_WARN_OBJC_LITERAL_CONVERSION = YES;
				CLANG_WARN_OBJC_ROOT_CLASS = YES_ERROR;
				CLANG_WARN_QUOTED_INCLUDE_IN_FRAMEWORK_HEADER = YES;
				CLANG_WARN_RANGE_LOOP_ANALYSIS = YES;
				CLANG_WARN_STRICT_PROTOTYPES = YES;
				CLANG_WARN_SUSPICIOUS_MOVE = YES;
				CLANG_WARN_UNGUARDED_AVAILABILITY = YES_AGGRESSIVE;
				CLANG_WARN_UNREACHABLE_CODE = YES;
				CLANG_WARN__DUPLICATE_METHOD_MATCH = YES;
				COPY_PHASE_STRIP = NO;
				DEBUG_INFORMATION_FORMAT = dwarf;
				ENABLE_STRICT_OBJC_MSGSEND = YES;
				ENABLE_TESTABILITY = YES;
				GCC_C_LANGUAGE_STANDARD = gnu11;
				GCC_DYNAMIC_NO_PIC = NO;
				GCC_NO_COMMON_BLOCKS = YES;
				GCC_OPTIMIZATION_LEVEL = 0;
				GCC_PREPROCESSOR_DEFINITIONS = (
					"DEBUG=1",
					"$(inherited)",
				);
				GCC_WARN_64_TO_32_BIT_CONVERSION = YES;
				GCC_WARN_ABOUT_RETURN_TYPE = YES_ERROR;
				GCC_WARN_UNDECLARED_SELECTOR = YES;
				GCC_WARN_UNINITIALIZED_AUTOS = YES_AGGRESSIVE;
				GCC_WARN_UNUSED_FUNCTION = YES;
				GCC_WARN_UNUSED_VARIABLE = YES;
				IPHONEOS_DEPLOYMENT_TARGET = 14.3;
				MTL_ENABLE_DEBUG_INFO = INCLUDE_SOURCE;
				MTL_FAST_MATH = YES;
				ONLY_ACTIVE_ARCH = YES;
				SDKROOT = iphoneos;
				SWIFT_ACTIVE_COMPILATION_CONDITIONS = DEBUG;
				SWIFT_OPTIMIZATION_LEVEL = "-Onone";
			};
			name = Debug;
		};
		ED29DB7F2594AB42007041DE /* Release */ = {
			isa = XCBuildConfiguration;
			buildSettings = {
				ALWAYS_SEARCH_USER_PATHS = NO;
				CLANG_ANALYZER_NONNULL = YES;
				CLANG_ANALYZER_NUMBER_OBJECT_CONVERSION = YES_AGGRESSIVE;
				CLANG_CXX_LANGUAGE_STANDARD = "gnu++14";
				CLANG_CXX_LIBRARY = "libc++";
				CLANG_ENABLE_MODULES = YES;
				CLANG_ENABLE_OBJC_ARC = YES;
				CLANG_ENABLE_OBJC_WEAK = YES;
				CLANG_WARN_BLOCK_CAPTURE_AUTORELEASING = YES;
				CLANG_WARN_BOOL_CONVERSION = YES;
				CLANG_WARN_COMMA = YES;
				CLANG_WARN_CONSTANT_CONVERSION = YES;
				CLANG_WARN_DEPRECATED_OBJC_IMPLEMENTATIONS = YES;
				CLANG_WARN_DIRECT_OBJC_ISA_USAGE = YES_ERROR;
				CLANG_WARN_DOCUMENTATION_COMMENTS = YES;
				CLANG_WARN_EMPTY_BODY = YES;
				CLANG_WARN_ENUM_CONVERSION = YES;
				CLANG_WARN_INFINITE_RECURSION = YES;
				CLANG_WARN_INT_CONVERSION = YES;
				CLANG_WARN_NON_LITERAL_NULL_CONVERSION = YES;
				CLANG_WARN_OBJC_IMPLICIT_RETAIN_SELF = YES;
				CLANG_WARN_OBJC_LITERAL_CONVERSION = YES;
				CLANG_WARN_OBJC_ROOT_CLASS = YES_ERROR;
				CLANG_WARN_QUOTED_INCLUDE_IN_FRAMEWORK_HEADER = YES;
				CLANG_WARN_RANGE_LOOP_ANALYSIS = YES;
				CLANG_WARN_STRICT_PROTOTYPES = YES;
				CLANG_WARN_SUSPICIOUS_MOVE = YES;
				CLANG_WARN_UNGUARDED_AVAILABILITY = YES_AGGRESSIVE;
				CLANG_WARN_UNREACHABLE_CODE = YES;
				CLANG_WARN__DUPLICATE_METHOD_MATCH = YES;
				COPY_PHASE_STRIP = NO;
				DEBUG_INFORMATION_FORMAT = "dwarf-with-dsym";
				ENABLE_NS_ASSERTIONS = NO;
				ENABLE_STRICT_OBJC_MSGSEND = YES;
				GCC_C_LANGUAGE_STANDARD = gnu11;
				GCC_NO_COMMON_BLOCKS = YES;
				GCC_WARN_64_TO_32_BIT_CONVERSION = YES;
				GCC_WARN_ABOUT_RETURN_TYPE = YES_ERROR;
				GCC_WARN_UNDECLARED_SELECTOR = YES;
				GCC_WARN_UNINITIALIZED_AUTOS = YES_AGGRESSIVE;
				GCC_WARN_UNUSED_FUNCTION = YES;
				GCC_WARN_UNUSED_VARIABLE = YES;
				IPHONEOS_DEPLOYMENT_TARGET = 14.3;
				MTL_ENABLE_DEBUG_INFO = NO;
				MTL_FAST_MATH = YES;
				SDKROOT = iphoneos;
				SWIFT_COMPILATION_MODE = wholemodule;
				SWIFT_OPTIMIZATION_LEVEL = "-O";
				VALIDATE_PRODUCT = YES;
			};
			name = Release;
		};
		ED29DB812594AB42007041DE /* Debug */ = {
			isa = XCBuildConfiguration;
			buildSettings = {
				ASSETCATALOG_COMPILER_APPICON_NAME = AppIcon;
				ASSETCATALOG_COMPILER_GLOBAL_ACCENT_COLOR_NAME = AccentColor;
				CODE_SIGN_STYLE = Automatic;
				DEVELOPMENT_TEAM = 2MWU6L5FJR;
				INFOPLIST_FILE = MusicApp/Info.plist;
				LD_RUNPATH_SEARCH_PATHS = (
					"$(inherited)",
					"@executable_path/Frameworks",
				);
				PRODUCT_BUNDLE_IDENTIFIER = com.taebin.MusicApp;
				PRODUCT_NAME = "$(TARGET_NAME)";
				SWIFT_VERSION = 5.0;
				TARGETED_DEVICE_FAMILY = "1,2";
			};
			name = Debug;
		};
		ED29DB822594AB42007041DE /* Release */ = {
			isa = XCBuildConfiguration;
			buildSettings = {
				ASSETCATALOG_COMPILER_APPICON_NAME = AppIcon;
				ASSETCATALOG_COMPILER_GLOBAL_ACCENT_COLOR_NAME = AccentColor;
				CODE_SIGN_STYLE = Automatic;
				DEVELOPMENT_TEAM = 2MWU6L5FJR;
				INFOPLIST_FILE = MusicApp/Info.plist;
				LD_RUNPATH_SEARCH_PATHS = (
					"$(inherited)",
					"@executable_path/Frameworks",
				);
				PRODUCT_BUNDLE_IDENTIFIER = com.taebin.MusicApp;
				PRODUCT_NAME = "$(TARGET_NAME)";
				SWIFT_VERSION = 5.0;
				TARGETED_DEVICE_FAMILY = "1,2";
			};
			name = Release;
		};
		ED29DB842594AB42007041DE /* Debug */ = {
			isa = XCBuildConfiguration;
			buildSettings = {
				ALWAYS_EMBED_SWIFT_STANDARD_LIBRARIES = YES;
				BUNDLE_LOADER = "$(TEST_HOST)";
				CODE_SIGN_STYLE = Automatic;
				DEVELOPMENT_TEAM = 2MWU6L5FJR;
				INFOPLIST_FILE = MusicAppTests/Info.plist;
				IPHONEOS_DEPLOYMENT_TARGET = 14.3;
				LD_RUNPATH_SEARCH_PATHS = (
					"$(inherited)",
					"@executable_path/Frameworks",
					"@loader_path/Frameworks",
				);
				PRODUCT_BUNDLE_IDENTIFIER = com.taebin.MusicAppTests;
				PRODUCT_NAME = "$(TARGET_NAME)";
				SWIFT_VERSION = 5.0;
				TARGETED_DEVICE_FAMILY = "1,2";
				TEST_HOST = "$(BUILT_PRODUCTS_DIR)/MusicApp.app/MusicApp";
			};
			name = Debug;
		};
		ED29DB852594AB42007041DE /* Release */ = {
			isa = XCBuildConfiguration;
			buildSettings = {
				ALWAYS_EMBED_SWIFT_STANDARD_LIBRARIES = YES;
				BUNDLE_LOADER = "$(TEST_HOST)";
				CODE_SIGN_STYLE = Automatic;
				DEVELOPMENT_TEAM = 2MWU6L5FJR;
				INFOPLIST_FILE = MusicAppTests/Info.plist;
				IPHONEOS_DEPLOYMENT_TARGET = 14.3;
				LD_RUNPATH_SEARCH_PATHS = (
					"$(inherited)",
					"@executable_path/Frameworks",
					"@loader_path/Frameworks",
				);
				PRODUCT_BUNDLE_IDENTIFIER = com.taebin.MusicAppTests;
				PRODUCT_NAME = "$(TARGET_NAME)";
				SWIFT_VERSION = 5.0;
				TARGETED_DEVICE_FAMILY = "1,2";
				TEST_HOST = "$(BUILT_PRODUCTS_DIR)/MusicApp.app/MusicApp";
			};
			name = Release;
		};
		ED29DB872594AB42007041DE /* Debug */ = {
			isa = XCBuildConfiguration;
			buildSettings = {
				ALWAYS_EMBED_SWIFT_STANDARD_LIBRARIES = YES;
				CODE_SIGN_STYLE = Automatic;
				DEVELOPMENT_TEAM = 2MWU6L5FJR;
				INFOPLIST_FILE = MusicAppUITests/Info.plist;
				LD_RUNPATH_SEARCH_PATHS = (
					"$(inherited)",
					"@executable_path/Frameworks",
					"@loader_path/Frameworks",
				);
				PRODUCT_BUNDLE_IDENTIFIER = com.taebin.MusicAppUITests;
				PRODUCT_NAME = "$(TARGET_NAME)";
				SWIFT_VERSION = 5.0;
				TARGETED_DEVICE_FAMILY = "1,2";
				TEST_TARGET_NAME = MusicApp;
			};
			name = Debug;
		};
		ED29DB882594AB42007041DE /* Release */ = {
			isa = XCBuildConfiguration;
			buildSettings = {
				ALWAYS_EMBED_SWIFT_STANDARD_LIBRARIES = YES;
				CODE_SIGN_STYLE = Automatic;
				DEVELOPMENT_TEAM = 2MWU6L5FJR;
				INFOPLIST_FILE = MusicAppUITests/Info.plist;
				LD_RUNPATH_SEARCH_PATHS = (
					"$(inherited)",
					"@executable_path/Frameworks",
					"@loader_path/Frameworks",
				);
				PRODUCT_BUNDLE_IDENTIFIER = com.taebin.MusicAppUITests;
				PRODUCT_NAME = "$(TARGET_NAME)";
				SWIFT_VERSION = 5.0;
				TARGETED_DEVICE_FAMILY = "1,2";
				TEST_TARGET_NAME = MusicApp;
			};
			name = Release;
		};
/* End XCBuildConfiguration section */

/* Begin XCConfigurationList section */
		ED29DB512594AB3F007041DE /* Build configuration list for PBXProject "MusicApp" */ = {
			isa = XCConfigurationList;
			buildConfigurations = (
				ED29DB7E2594AB42007041DE /* Debug */,
				ED29DB7F2594AB42007041DE /* Release */,
			);
			defaultConfigurationIsVisible = 0;
			defaultConfigurationName = Release;
		};
		ED29DB802594AB42007041DE /* Build configuration list for PBXNativeTarget "MusicApp" */ = {
			isa = XCConfigurationList;
			buildConfigurations = (
				ED29DB812594AB42007041DE /* Debug */,
				ED29DB822594AB42007041DE /* Release */,
			);
			defaultConfigurationIsVisible = 0;
			defaultConfigurationName = Release;
		};
		ED29DB832594AB42007041DE /* Build configuration list for PBXNativeTarget "MusicAppTests" */ = {
			isa = XCConfigurationList;
			buildConfigurations = (
				ED29DB842594AB42007041DE /* Debug */,
				ED29DB852594AB42007041DE /* Release */,
			);
			defaultConfigurationIsVisible = 0;
			defaultConfigurationName = Release;
		};
		ED29DB862594AB42007041DE /* Build configuration list for PBXNativeTarget "MusicAppUITests" */ = {
			isa = XCConfigurationList;
			buildConfigurations = (
				ED29DB872594AB42007041DE /* Debug */,
				ED29DB882594AB42007041DE /* Release */,
			);
			defaultConfigurationIsVisible = 0;
			defaultConfigurationName = Release;
		};
/* End XCConfigurationList section */
	};
	rootObject = ED29DB4E2594AB3F007041DE /* Project object */;
}
