// !$*UTF8*$!
{
	archiveVersion = 1;
	classes = {
	};
	objectVersion = 50;
	objects = {

/* Begin PBXBuildFile section */
		ED34EBD4255FFD76004747F2 /* AppDelegate.swift in Sources */ = {isa = PBXBuildFile; fileRef = ED34EBD3255FFD76004747F2 /* AppDelegate.swift */; };
		ED34EBD6255FFD76004747F2 /* SceneDelegate.swift in Sources */ = {isa = PBXBuildFile; fileRef = ED34EBD5255FFD76004747F2 /* SceneDelegate.swift */; };
		ED34EBD8255FFD76004747F2 /* ViewController.swift in Sources */ = {isa = PBXBuildFile; fileRef = ED34EBD7255FFD76004747F2 /* ViewController.swift */; };
		ED34EBDB255FFD76004747F2 /* Main.storyboard in Resources */ = {isa = PBXBuildFile; fileRef = ED34EBD9255FFD76004747F2 /* Main.storyboard */; };
		ED34EBDD255FFD78004747F2 /* Assets.xcassets in Resources */ = {isa = PBXBuildFile; fileRef = ED34EBDC255FFD78004747F2 /* Assets.xcassets */; };
		ED34EBE0255FFD78004747F2 /* LaunchScreen.storyboard in Resources */ = {isa = PBXBuildFile; fileRef = ED34EBDE255FFD78004747F2 /* LaunchScreen.storyboard */; };
		ED34EBEB255FFD78004747F2 /* MyAlbumTests.swift in Sources */ = {isa = PBXBuildFile; fileRef = ED34EBEA255FFD78004747F2 /* MyAlbumTests.swift */; };
		ED34EBF6255FFD78004747F2 /* MyAlbumUITests.swift in Sources */ = {isa = PBXBuildFile; fileRef = ED34EBF5255FFD78004747F2 /* MyAlbumUITests.swift */; };
/* End PBXBuildFile section */

/* Begin PBXContainerItemProxy section */
		ED34EBE7255FFD78004747F2 /* PBXContainerItemProxy */ = {
			isa = PBXContainerItemProxy;
			containerPortal = ED34EBC8255FFD76004747F2 /* Project object */;
			proxyType = 1;
			remoteGlobalIDString = ED34EBCF255FFD76004747F2;
			remoteInfo = MyAlbum;
		};
		ED34EBF2255FFD78004747F2 /* PBXContainerItemProxy */ = {
			isa = PBXContainerItemProxy;
			containerPortal = ED34EBC8255FFD76004747F2 /* Project object */;
			proxyType = 1;
			remoteGlobalIDString = ED34EBCF255FFD76004747F2;
			remoteInfo = MyAlbum;
		};
/* End PBXContainerItemProxy section */

/* Begin PBXFileReference section */
		ED34EBD0255FFD76004747F2 /* MyAlbum.app */ = {isa = PBXFileReference; explicitFileType = wrapper.application; includeInIndex = 0; path = MyAlbum.app; sourceTree = BUILT_PRODUCTS_DIR; };
		ED34EBD3255FFD76004747F2 /* AppDelegate.swift */ = {isa = PBXFileReference; lastKnownFileType = sourcecode.swift; path = AppDelegate.swift; sourceTree = "<group>"; };
		ED34EBD5255FFD76004747F2 /* SceneDelegate.swift */ = {isa = PBXFileReference; lastKnownFileType = sourcecode.swift; path = SceneDelegate.swift; sourceTree = "<group>"; };
		ED34EBD7255FFD76004747F2 /* ViewController.swift */ = {isa = PBXFileReference; lastKnownFileType = sourcecode.swift; path = ViewController.swift; sourceTree = "<group>"; };
		ED34EBDA255FFD76004747F2 /* Base */ = {isa = PBXFileReference; lastKnownFileType = file.storyboard; name = Base; path = Base.lproj/Main.storyboard; sourceTree = "<group>"; };
		ED34EBDC255FFD78004747F2 /* Assets.xcassets */ = {isa = PBXFileReference; lastKnownFileType = folder.assetcatalog; path = Assets.xcassets; sourceTree = "<group>"; };
		ED34EBDF255FFD78004747F2 /* Base */ = {isa = PBXFileReference; lastKnownFileType = file.storyboard; name = Base; path = Base.lproj/LaunchScreen.storyboard; sourceTree = "<group>"; };
		ED34EBE1255FFD78004747F2 /* Info.plist */ = {isa = PBXFileReference; lastKnownFileType = text.plist.xml; path = Info.plist; sourceTree = "<group>"; };
		ED34EBE6255FFD78004747F2 /* MyAlbumTests.xctest */ = {isa = PBXFileReference; explicitFileType = wrapper.cfbundle; includeInIndex = 0; path = MyAlbumTests.xctest; sourceTree = BUILT_PRODUCTS_DIR; };
		ED34EBEA255FFD78004747F2 /* MyAlbumTests.swift */ = {isa = PBXFileReference; lastKnownFileType = sourcecode.swift; path = MyAlbumTests.swift; sourceTree = "<group>"; };
		ED34EBEC255FFD78004747F2 /* Info.plist */ = {isa = PBXFileReference; lastKnownFileType = text.plist.xml; path = Info.plist; sourceTree = "<group>"; };
		ED34EBF1255FFD78004747F2 /* MyAlbumUITests.xctest */ = {isa = PBXFileReference; explicitFileType = wrapper.cfbundle; includeInIndex = 0; path = MyAlbumUITests.xctest; sourceTree = BUILT_PRODUCTS_DIR; };
		ED34EBF5255FFD78004747F2 /* MyAlbumUITests.swift */ = {isa = PBXFileReference; lastKnownFileType = sourcecode.swift; path = MyAlbumUITests.swift; sourceTree = "<group>"; };
		ED34EBF7255FFD78004747F2 /* Info.plist */ = {isa = PBXFileReference; lastKnownFileType = text.plist.xml; path = Info.plist; sourceTree = "<group>"; };
/* End PBXFileReference section */

/* Begin PBXFrameworksBuildPhase section */
		ED34EBCD255FFD76004747F2 /* Frameworks */ = {
			isa = PBXFrameworksBuildPhase;
			buildActionMask = 2147483647;
			files = (
			);
			runOnlyForDeploymentPostprocessing = 0;
		};
		ED34EBE3255FFD78004747F2 /* Frameworks */ = {
			isa = PBXFrameworksBuildPhase;
			buildActionMask = 2147483647;
			files = (
			);
			runOnlyForDeploymentPostprocessing = 0;
		};
		ED34EBEE255FFD78004747F2 /* Frameworks */ = {
			isa = PBXFrameworksBuildPhase;
			buildActionMask = 2147483647;
			files = (
			);
			runOnlyForDeploymentPostprocessing = 0;
		};
/* End PBXFrameworksBuildPhase section */

/* Begin PBXGroup section */
		ED34EBC7255FFD76004747F2 = {
			isa = PBXGroup;
			children = (
				ED34EBD2255FFD76004747F2 /* MyAlbum */,
				ED34EBE9255FFD78004747F2 /* MyAlbumTests */,
				ED34EBF4255FFD78004747F2 /* MyAlbumUITests */,
				ED34EBD1255FFD76004747F2 /* Products */,
			);
			sourceTree = "<group>";
		};
		ED34EBD1255FFD76004747F2 /* Products */ = {
			isa = PBXGroup;
			children = (
				ED34EBD0255FFD76004747F2 /* MyAlbum.app */,
				ED34EBE6255FFD78004747F2 /* MyAlbumTests.xctest */,
				ED34EBF1255FFD78004747F2 /* MyAlbumUITests.xctest */,
			);
			name = Products;
			sourceTree = "<group>";
		};
		ED34EBD2255FFD76004747F2 /* MyAlbum */ = {
			isa = PBXGroup;
			children = (
				ED34EBD3255FFD76004747F2 /* AppDelegate.swift */,
				ED34EBD5255FFD76004747F2 /* SceneDelegate.swift */,
				ED34EBD7255FFD76004747F2 /* ViewController.swift */,
				ED34EBD9255FFD76004747F2 /* Main.storyboard */,
				ED34EBDC255FFD78004747F2 /* Assets.xcassets */,
				ED34EBDE255FFD78004747F2 /* LaunchScreen.storyboard */,
				ED34EBE1255FFD78004747F2 /* Info.plist */,
			);
			path = MyAlbum;
			sourceTree = "<group>";
		};
		ED34EBE9255FFD78004747F2 /* MyAlbumTests */ = {
			isa = PBXGroup;
			children = (
				ED34EBEA255FFD78004747F2 /* MyAlbumTests.swift */,
				ED34EBEC255FFD78004747F2 /* Info.plist */,
			);
			path = MyAlbumTests;
			sourceTree = "<group>";
		};
		ED34EBF4255FFD78004747F2 /* MyAlbumUITests */ = {
			isa = PBXGroup;
			children = (
				ED34EBF5255FFD78004747F2 /* MyAlbumUITests.swift */,
				ED34EBF7255FFD78004747F2 /* Info.plist */,
			);
			path = MyAlbumUITests;
			sourceTree = "<group>";
		};
/* End PBXGroup section */

/* Begin PBXNativeTarget section */
		ED34EBCF255FFD76004747F2 /* MyAlbum */ = {
			isa = PBXNativeTarget;
			buildConfigurationList = ED34EBFA255FFD78004747F2 /* Build configuration list for PBXNativeTarget "MyAlbum" */;
			buildPhases = (
				ED34EBCC255FFD76004747F2 /* Sources */,
				ED34EBCD255FFD76004747F2 /* Frameworks */,
				ED34EBCE255FFD76004747F2 /* Resources */,
			);
			buildRules = (
			);
			dependencies = (
			);
			name = MyAlbum;
			productName = MyAlbum;
			productReference = ED34EBD0255FFD76004747F2 /* MyAlbum.app */;
			productType = "com.apple.product-type.application";
		};
		ED34EBE5255FFD78004747F2 /* MyAlbumTests */ = {
			isa = PBXNativeTarget;
			buildConfigurationList = ED34EBFD255FFD78004747F2 /* Build configuration list for PBXNativeTarget "MyAlbumTests" */;
			buildPhases = (
				ED34EBE2255FFD78004747F2 /* Sources */,
				ED34EBE3255FFD78004747F2 /* Frameworks */,
				ED34EBE4255FFD78004747F2 /* Resources */,
			);
			buildRules = (
			);
			dependencies = (
				ED34EBE8255FFD78004747F2 /* PBXTargetDependency */,
			);
			name = MyAlbumTests;
			productName = MyAlbumTests;
			productReference = ED34EBE6255FFD78004747F2 /* MyAlbumTests.xctest */;
			productType = "com.apple.product-type.bundle.unit-test";
		};
		ED34EBF0255FFD78004747F2 /* MyAlbumUITests */ = {
			isa = PBXNativeTarget;
			buildConfigurationList = ED34EC00255FFD78004747F2 /* Build configuration list for PBXNativeTarget "MyAlbumUITests" */;
			buildPhases = (
				ED34EBED255FFD78004747F2 /* Sources */,
				ED34EBEE255FFD78004747F2 /* Frameworks */,
				ED34EBEF255FFD78004747F2 /* Resources */,
			);
			buildRules = (
			);
			dependencies = (
				ED34EBF3255FFD78004747F2 /* PBXTargetDependency */,
			);
			name = MyAlbumUITests;
			productName = MyAlbumUITests;
			productReference = ED34EBF1255FFD78004747F2 /* MyAlbumUITests.xctest */;
			productType = "com.apple.product-type.bundle.ui-testing";
		};
/* End PBXNativeTarget section */

/* Begin PBXProject section */
		ED34EBC8255FFD76004747F2 /* Project object */ = {
			isa = PBXProject;
			attributes = {
				LastSwiftUpdateCheck = 1220;
				LastUpgradeCheck = 1220;
				TargetAttributes = {
					ED34EBCF255FFD76004747F2 = {
						CreatedOnToolsVersion = 12.2;
					};
					ED34EBE5255FFD78004747F2 = {
						CreatedOnToolsVersion = 12.2;
						TestTargetID = ED34EBCF255FFD76004747F2;
					};
					ED34EBF0255FFD78004747F2 = {
						CreatedOnToolsVersion = 12.2;
						TestTargetID = ED34EBCF255FFD76004747F2;
					};
				};
			};
			buildConfigurationList = ED34EBCB255FFD76004747F2 /* Build configuration list for PBXProject "MyAlbum" */;
			compatibilityVersion = "Xcode 9.3";
			developmentRegion = en;
			hasScannedForEncodings = 0;
			knownRegions = (
				en,
				Base,
			);
			mainGroup = ED34EBC7255FFD76004747F2;
			productRefGroup = ED34EBD1255FFD76004747F2 /* Products */;
			projectDirPath = "";
			projectRoot = "";
			targets = (
				ED34EBCF255FFD76004747F2 /* MyAlbum */,
				ED34EBE5255FFD78004747F2 /* MyAlbumTests */,
				ED34EBF0255FFD78004747F2 /* MyAlbumUITests */,
			);
		};
/* End PBXProject section */

/* Begin PBXResourcesBuildPhase section */
		ED34EBCE255FFD76004747F2 /* Resources */ = {
			isa = PBXResourcesBuildPhase;
			buildActionMask = 2147483647;
			files = (
				ED34EBE0255FFD78004747F2 /* LaunchScreen.storyboard in Resources */,
				ED34EBDD255FFD78004747F2 /* Assets.xcassets in Resources */,
				ED34EBDB255FFD76004747F2 /* Main.storyboard in Resources */,
			);
			runOnlyForDeploymentPostprocessing = 0;
		};
		ED34EBE4255FFD78004747F2 /* Resources */ = {
			isa = PBXResourcesBuildPhase;
			buildActionMask = 2147483647;
			files = (
			);
			runOnlyForDeploymentPostprocessing = 0;
		};
		ED34EBEF255FFD78004747F2 /* Resources */ = {
			isa = PBXResourcesBuildPhase;
			buildActionMask = 2147483647;
			files = (
			);
			runOnlyForDeploymentPostprocessing = 0;
		};
/* End PBXResourcesBuildPhase section */

/* Begin PBXSourcesBuildPhase section */
		ED34EBCC255FFD76004747F2 /* Sources */ = {
			isa = PBXSourcesBuildPhase;
			buildActionMask = 2147483647;
			files = (
				ED34EBD8255FFD76004747F2 /* ViewController.swift in Sources */,
				ED34EBD4255FFD76004747F2 /* AppDelegate.swift in Sources */,
				ED34EBD6255FFD76004747F2 /* SceneDelegate.swift in Sources */,
			);
			runOnlyForDeploymentPostprocessing = 0;
		};
		ED34EBE2255FFD78004747F2 /* Sources */ = {
			isa = PBXSourcesBuildPhase;
			buildActionMask = 2147483647;
			files = (
				ED34EBEB255FFD78004747F2 /* MyAlbumTests.swift in Sources */,
			);
			runOnlyForDeploymentPostprocessing = 0;
		};
		ED34EBED255FFD78004747F2 /* Sources */ = {
			isa = PBXSourcesBuildPhase;
			buildActionMask = 2147483647;
			files = (
				ED34EBF6255FFD78004747F2 /* MyAlbumUITests.swift in Sources */,
			);
			runOnlyForDeploymentPostprocessing = 0;
		};
/* End PBXSourcesBuildPhase section */

/* Begin PBXTargetDependency section */
		ED34EBE8255FFD78004747F2 /* PBXTargetDependency */ = {
			isa = PBXTargetDependency;
			target = ED34EBCF255FFD76004747F2 /* MyAlbum */;
			targetProxy = ED34EBE7255FFD78004747F2 /* PBXContainerItemProxy */;
		};
		ED34EBF3255FFD78004747F2 /* PBXTargetDependency */ = {
			isa = PBXTargetDependency;
			target = ED34EBCF255FFD76004747F2 /* MyAlbum */;
			targetProxy = ED34EBF2255FFD78004747F2 /* PBXContainerItemProxy */;
		};
/* End PBXTargetDependency section */

/* Begin PBXVariantGroup section */
		ED34EBD9255FFD76004747F2 /* Main.storyboard */ = {
			isa = PBXVariantGroup;
			children = (
				ED34EBDA255FFD76004747F2 /* Base */,
			);
			name = Main.storyboard;
			sourceTree = "<group>";
		};
		ED34EBDE255FFD78004747F2 /* LaunchScreen.storyboard */ = {
			isa = PBXVariantGroup;
			children = (
				ED34EBDF255FFD78004747F2 /* Base */,
			);
			name = LaunchScreen.storyboard;
			sourceTree = "<group>";
		};
/* End PBXVariantGroup section */

/* Begin XCBuildConfiguration section */
		ED34EBF8255FFD78004747F2 /* Debug */ = {
			isa = XCBuildConfiguration;
			buildSettings = {
				ALWAYS_SEARCH_USER_PATHS = NO;
				CLANG_ANALYZER_NONNULL = YES;
				CLANG_ANALYZER_NUMBER_OBJECT_CONVERSION = YES_AGGRESSIVE;
				CLANG_CXX_LANGUAGE_STANDARD = "gnu++14";
				CLANG_CXX_LIBRARY = "libc++";
				CLANG_ENABLE_MODULES = YES;
				CLANG_ENABLE_OBJC_ARC = YES;
				CLANG_ENABLE_OBJC_WEAK = YES;
				CLANG_WARN_BLOCK_CAPTURE_AUTORELEASING = YES;
				CLANG_WARN_BOOL_CONVERSION = YES;
				CLANG_WARN_COMMA = YES;
				CLANG_WARN_CONSTANT_CONVERSION = YES;
				CLANG_WARN_DEPRECATED_OBJC_IMPLEMENTATIONS = YES;
				CLANG_WARN_DIRECT_OBJC_ISA_USAGE = YES_ERROR;
				CLANG_WARN_DOCUMENTATION_COMMENTS = YES;
				CLANG_WARN_EMPTY_BODY = YES;
				CLANG_WARN_ENUM_CONVERSION = YES;
				CLANG_WARN_INFINITE_RECURSION = YES;
				CLANG_WARN_INT_CONVERSION = YES;
				CLANG_WARN_NON_LITERAL_NULL_CONVERSION = YES;
				CLANG_WARN_OBJC_IMPLICIT_RETAIN_SELF = YES;
				CLANG_WARN_OBJC_LITERAL_CONVERSION = YES;
				CLANG_WARN_OBJC_ROOT_CLASS = YES_ERROR;
				CLANG_WARN_QUOTED_INCLUDE_IN_FRAMEWORK_HEADER = YES;
				CLANG_WARN_RANGE_LOOP_ANALYSIS = YES;
				CLANG_WARN_STRICT_PROTOTYPES = YES;
				CLANG_WARN_SUSPICIOUS_MOVE = YES;
				CLANG_WARN_UNGUARDED_AVAILABILITY = YES_AGGRESSIVE;
				CLANG_WARN_UNREACHABLE_CODE = YES;
				CLANG_WARN__DUPLICATE_METHOD_MATCH = YES;
				COPY_PHASE_STRIP = NO;
				DEBUG_INFORMATION_FORMAT = dwarf;
				ENABLE_STRICT_OBJC_MSGSEND = YES;
				ENABLE_TESTABILITY = YES;
				GCC_C_LANGUAGE_STANDARD = gnu11;
				GCC_DYNAMIC_NO_PIC = NO;
				GCC_NO_COMMON_BLOCKS = YES;
				GCC_OPTIMIZATION_LEVEL = 0;
				GCC_PREPROCESSOR_DEFINITIONS = (
					"DEBUG=1",
					"$(inherited)",
				);
				GCC_WARN_64_TO_32_BIT_CONVERSION = YES;
				GCC_WARN_ABOUT_RETURN_TYPE = YES_ERROR;
				GCC_WARN_UNDECLARED_SELECTOR = YES;
				GCC_WARN_UNINITIALIZED_AUTOS = YES_AGGRESSIVE;
				GCC_WARN_UNUSED_FUNCTION = YES;
				GCC_WARN_UNUSED_VARIABLE = YES;
				IPHONEOS_DEPLOYMENT_TARGET = 14.2;
				MTL_ENABLE_DEBUG_INFO = INCLUDE_SOURCE;
				MTL_FAST_MATH = YES;
				ONLY_ACTIVE_ARCH = YES;
				SDKROOT = iphoneos;
				SWIFT_ACTIVE_COMPILATION_CONDITIONS = DEBUG;
				SWIFT_OPTIMIZATION_LEVEL = "-Onone";
			};
			name = Debug;
		};
		ED34EBF9255FFD78004747F2 /* Release */ = {
			isa = XCBuildConfiguration;
			buildSettings = {
				ALWAYS_SEARCH_USER_PATHS = NO;
				CLANG_ANALYZER_NONNULL = YES;
				CLANG_ANALYZER_NUMBER_OBJECT_CONVERSION = YES_AGGRESSIVE;
				CLANG_CXX_LANGUAGE_STANDARD = "gnu++14";
				CLANG_CXX_LIBRARY = "libc++";
				CLANG_ENABLE_MODULES = YES;
				CLANG_ENABLE_OBJC_ARC = YES;
				CLANG_ENABLE_OBJC_WEAK = YES;
				CLANG_WARN_BLOCK_CAPTURE_AUTORELEASING = YES;
				CLANG_WARN_BOOL_CONVERSION = YES;
				CLANG_WARN_COMMA = YES;
				CLANG_WARN_CONSTANT_CONVERSION = YES;
				CLANG_WARN_DEPRECATED_OBJC_IMPLEMENTATIONS = YES;
				CLANG_WARN_DIRECT_OBJC_ISA_USAGE = YES_ERROR;
				CLANG_WARN_DOCUMENTATION_COMMENTS = YES;
				CLANG_WARN_EMPTY_BODY = YES;
				CLANG_WARN_ENUM_CONVERSION = YES;
				CLANG_WARN_INFINITE_RECURSION = YES;
				CLANG_WARN_INT_CONVERSION = YES;
				CLANG_WARN_NON_LITERAL_NULL_CONVERSION = YES;
				CLANG_WARN_OBJC_IMPLICIT_RETAIN_SELF = YES;
				CLANG_WARN_OBJC_LITERAL_CONVERSION = YES;
				CLANG_WARN_OBJC_ROOT_CLASS = YES_ERROR;
				CLANG_WARN_QUOTED_INCLUDE_IN_FRAMEWORK_HEADER = YES;
				CLANG_WARN_RANGE_LOOP_ANALYSIS = YES;
				CLANG_WARN_STRICT_PROTOTYPES = YES;
				CLANG_WARN_SUSPICIOUS_MOVE = YES;
				CLANG_WARN_UNGUARDED_AVAILABILITY = YES_AGGRESSIVE;
				CLANG_WARN_UNREACHABLE_CODE = YES;
				CLANG_WARN__DUPLICATE_METHOD_MATCH = YES;
				COPY_PHASE_STRIP = NO;
				DEBUG_INFORMATION_FORMAT = "dwarf-with-dsym";
				ENABLE_NS_ASSERTIONS = NO;
				ENABLE_STRICT_OBJC_MSGSEND = YES;
				GCC_C_LANGUAGE_STANDARD = gnu11;
				GCC_NO_COMMON_BLOCKS = YES;
				GCC_WARN_64_TO_32_BIT_CONVERSION = YES;
				GCC_WARN_ABOUT_RETURN_TYPE = YES_ERROR;
				GCC_WARN_UNDECLARED_SELECTOR = YES;
				GCC_WARN_UNINITIALIZED_AUTOS = YES_AGGRESSIVE;
				GCC_WARN_UNUSED_FUNCTION = YES;
				GCC_WARN_UNUSED_VARIABLE = YES;
				IPHONEOS_DEPLOYMENT_TARGET = 14.2;
				MTL_ENABLE_DEBUG_INFO = NO;
				MTL_FAST_MATH = YES;
				SDKROOT = iphoneos;
				SWIFT_COMPILATION_MODE = wholemodule;
				SWIFT_OPTIMIZATION_LEVEL = "-O";
				VALIDATE_PRODUCT = YES;
			};
			name = Release;
		};
		ED34EBFB255FFD78004747F2 /* Debug */ = {
			isa = XCBuildConfiguration;
			buildSettings = {
				ASSETCATALOG_COMPILER_APPICON_NAME = AppIcon;
				ASSETCATALOG_COMPILER_GLOBAL_ACCENT_COLOR_NAME = AccentColor;
				CODE_SIGN_STYLE = Automatic;
				DEVELOPMENT_TEAM = 2MWU6L5FJR;
				INFOPLIST_FILE = MyAlbum/Info.plist;
				LD_RUNPATH_SEARCH_PATHS = (
					"$(inherited)",
					"@executable_path/Frameworks",
				);
				PRODUCT_BUNDLE_IDENTIFIER = com.taebin.MyAlbum;
				PRODUCT_NAME = "$(TARGET_NAME)";
				SWIFT_VERSION = 5.0;
				TARGETED_DEVICE_FAMILY = "1,2";
			};
			name = Debug;
		};
		ED34EBFC255FFD78004747F2 /* Release */ = {
			isa = XCBuildConfiguration;
			buildSettings = {
				ASSETCATALOG_COMPILER_APPICON_NAME = AppIcon;
				ASSETCATALOG_COMPILER_GLOBAL_ACCENT_COLOR_NAME = AccentColor;
				CODE_SIGN_STYLE = Automatic;
				DEVELOPMENT_TEAM = 2MWU6L5FJR;
				INFOPLIST_FILE = MyAlbum/Info.plist;
				LD_RUNPATH_SEARCH_PATHS = (
					"$(inherited)",
					"@executable_path/Frameworks",
				);
				PRODUCT_BUNDLE_IDENTIFIER = com.taebin.MyAlbum;
				PRODUCT_NAME = "$(TARGET_NAME)";
				SWIFT_VERSION = 5.0;
				TARGETED_DEVICE_FAMILY = "1,2";
			};
			name = Release;
		};
		ED34EBFE255FFD78004747F2 /* Debug */ = {
			isa = XCBuildConfiguration;
			buildSettings = {
				ALWAYS_EMBED_SWIFT_STANDARD_LIBRARIES = YES;
				BUNDLE_LOADER = "$(TEST_HOST)";
				CODE_SIGN_STYLE = Automatic;
				DEVELOPMENT_TEAM = 2MWU6L5FJR;
				INFOPLIST_FILE = MyAlbumTests/Info.plist;
				IPHONEOS_DEPLOYMENT_TARGET = 14.2;
				LD_RUNPATH_SEARCH_PATHS = (
					"$(inherited)",
					"@executable_path/Frameworks",
					"@loader_path/Frameworks",
				);
				PRODUCT_BUNDLE_IDENTIFIER = com.taebin.MyAlbumTests;
				PRODUCT_NAME = "$(TARGET_NAME)";
				SWIFT_VERSION = 5.0;
				TARGETED_DEVICE_FAMILY = "1,2";
				TEST_HOST = "$(BUILT_PRODUCTS_DIR)/MyAlbum.app/MyAlbum";
			};
			name = Debug;
		};
		ED34EBFF255FFD78004747F2 /* Release */ = {
			isa = XCBuildConfiguration;
			buildSettings = {
				ALWAYS_EMBED_SWIFT_STANDARD_LIBRARIES = YES;
				BUNDLE_LOADER = "$(TEST_HOST)";
				CODE_SIGN_STYLE = Automatic;
				DEVELOPMENT_TEAM = 2MWU6L5FJR;
				INFOPLIST_FILE = MyAlbumTests/Info.plist;
				IPHONEOS_DEPLOYMENT_TARGET = 14.2;
				LD_RUNPATH_SEARCH_PATHS = (
					"$(inherited)",
					"@executable_path/Frameworks",
					"@loader_path/Frameworks",
				);
				PRODUCT_BUNDLE_IDENTIFIER = com.taebin.MyAlbumTests;
				PRODUCT_NAME = "$(TARGET_NAME)";
				SWIFT_VERSION = 5.0;
				TARGETED_DEVICE_FAMILY = "1,2";
				TEST_HOST = "$(BUILT_PRODUCTS_DIR)/MyAlbum.app/MyAlbum";
			};
			name = Release;
		};
		ED34EC01255FFD78004747F2 /* Debug */ = {
			isa = XCBuildConfiguration;
			buildSettings = {
				ALWAYS_EMBED_SWIFT_STANDARD_LIBRARIES = YES;
				CODE_SIGN_STYLE = Automatic;
				DEVELOPMENT_TEAM = 2MWU6L5FJR;
				INFOPLIST_FILE = MyAlbumUITests/Info.plist;
				LD_RUNPATH_SEARCH_PATHS = (
					"$(inherited)",
					"@executable_path/Frameworks",
					"@loader_path/Frameworks",
				);
				PRODUCT_BUNDLE_IDENTIFIER = com.taebin.MyAlbumUITests;
				PRODUCT_NAME = "$(TARGET_NAME)";
				SWIFT_VERSION = 5.0;
				TARGETED_DEVICE_FAMILY = "1,2";
				TEST_TARGET_NAME = MyAlbum;
			};
			name = Debug;
		};
		ED34EC02255FFD78004747F2 /* Release */ = {
			isa = XCBuildConfiguration;
			buildSettings = {
				ALWAYS_EMBED_SWIFT_STANDARD_LIBRARIES = YES;
				CODE_SIGN_STYLE = Automatic;
				DEVELOPMENT_TEAM = 2MWU6L5FJR;
				INFOPLIST_FILE = MyAlbumUITests/Info.plist;
				LD_RUNPATH_SEARCH_PATHS = (
					"$(inherited)",
					"@executable_path/Frameworks",
					"@loader_path/Frameworks",
				);
				PRODUCT_BUNDLE_IDENTIFIER = com.taebin.MyAlbumUITests;
				PRODUCT_NAME = "$(TARGET_NAME)";
				SWIFT_VERSION = 5.0;
				TARGETED_DEVICE_FAMILY = "1,2";
				TEST_TARGET_NAME = MyAlbum;
			};
			name = Release;
		};
/* End XCBuildConfiguration section */

/* Begin XCConfigurationList section */
		ED34EBCB255FFD76004747F2 /* Build configuration list for PBXProject "MyAlbum" */ = {
			isa = XCConfigurationList;
			buildConfigurations = (
				ED34EBF8255FFD78004747F2 /* Debug */,
				ED34EBF9255FFD78004747F2 /* Release */,
			);
			defaultConfigurationIsVisible = 0;
			defaultConfigurationName = Release;
		};
		ED34EBFA255FFD78004747F2 /* Build configuration list for PBXNativeTarget "MyAlbum" */ = {
			isa = XCConfigurationList;
			buildConfigurations = (
				ED34EBFB255FFD78004747F2 /* Debug */,
				ED34EBFC255FFD78004747F2 /* Release */,
			);
			defaultConfigurationIsVisible = 0;
			defaultConfigurationName = Release;
		};
		ED34EBFD255FFD78004747F2 /* Build configuration list for PBXNativeTarget "MyAlbumTests" */ = {
			isa = XCConfigurationList;
			buildConfigurations = (
				ED34EBFE255FFD78004747F2 /* Debug */,
				ED34EBFF255FFD78004747F2 /* Release */,
			);
			defaultConfigurationIsVisible = 0;
			defaultConfigurationName = Release;
		};
		ED34EC00255FFD78004747F2 /* Build configuration list for PBXNativeTarget "MyAlbumUITests" */ = {
			isa = XCConfigurationList;
			buildConfigurations = (
				ED34EC01255FFD78004747F2 /* Debug */,
				ED34EC02255FFD78004747F2 /* Release */,
			);
			defaultConfigurationIsVisible = 0;
			defaultConfigurationName = Release;
		};
/* End XCConfigurationList section */
	};
	rootObject = ED34EBC8255FFD76004747F2 /* Project object */;
}
