// !$*UTF8*$!
{
	archiveVersion = 1;
	classes = {
	};
	objectVersion = 50;
	objects = {

/* Begin PBXBuildFile section */
		ED0D57C8258F0A8B008C0446 /* BountyInfo.swift in Sources */ = {isa = PBXBuildFile; fileRef = ED0D57C7258F0A8B008C0446 /* BountyInfo.swift */; };
		ED0D57CD258F0AEC008C0446 /* BountyViewModel.swift in Sources */ = {isa = PBXBuildFile; fileRef = ED0D57CC258F0AEC008C0446 /* BountyViewModel.swift */; };
		ED0D57D2258F0B13008C0446 /* GridCell.swift in Sources */ = {isa = PBXBuildFile; fileRef = ED0D57D1258F0B13008C0446 /* GridCell.swift */; };
		EDE44B7A258E1306000CAB88 /* AppDelegate.swift in Sources */ = {isa = PBXBuildFile; fileRef = EDE44B79258E1306000CAB88 /* AppDelegate.swift */; };
		EDE44B7C258E1306000CAB88 /* SceneDelegate.swift in Sources */ = {isa = PBXBuildFile; fileRef = EDE44B7B258E1306000CAB88 /* SceneDelegate.swift */; };
		EDE44B81258E1306000CAB88 /* Main.storyboard in Resources */ = {isa = PBXBuildFile; fileRef = EDE44B7F258E1306000CAB88 /* Main.storyboard */; };
		EDE44B83258E1308000CAB88 /* Assets.xcassets in Resources */ = {isa = PBXBuildFile; fileRef = EDE44B82258E1308000CAB88 /* Assets.xcassets */; };
		EDE44B86258E1308000CAB88 /* LaunchScreen.storyboard in Resources */ = {isa = PBXBuildFile; fileRef = EDE44B84258E1308000CAB88 /* LaunchScreen.storyboard */; };
		EDE44B91258E1308000CAB88 /* BountyListTests.swift in Sources */ = {isa = PBXBuildFile; fileRef = EDE44B90258E1308000CAB88 /* BountyListTests.swift */; };
		EDE44B9C258E1308000CAB88 /* BountyListUITests.swift in Sources */ = {isa = PBXBuildFile; fileRef = EDE44B9B258E1308000CAB88 /* BountyListUITests.swift */; };
		EDE44BB8258E14E2000CAB88 /* BountyViewController.swift in Sources */ = {isa = PBXBuildFile; fileRef = EDE44BB7258E14E2000CAB88 /* BountyViewController.swift */; };
		EDE44BBD258E2413000CAB88 /* DetailViewController.swift in Sources */ = {isa = PBXBuildFile; fileRef = EDE44BBC258E2413000CAB88 /* DetailViewController.swift */; };
/* End PBXBuildFile section */

/* Begin PBXContainerItemProxy section */
		EDE44B8D258E1308000CAB88 /* PBXContainerItemProxy */ = {
			isa = PBXContainerItemProxy;
			containerPortal = EDE44B6E258E1306000CAB88 /* Project object */;
			proxyType = 1;
			remoteGlobalIDString = EDE44B75258E1306000CAB88;
			remoteInfo = BountyList;
		};
		EDE44B98258E1308000CAB88 /* PBXContainerItemProxy */ = {
			isa = PBXContainerItemProxy;
			containerPortal = EDE44B6E258E1306000CAB88 /* Project object */;
			proxyType = 1;
			remoteGlobalIDString = EDE44B75258E1306000CAB88;
			remoteInfo = BountyList;
		};
/* End PBXContainerItemProxy section */

/* Begin PBXFileReference section */
		ED0D57C7258F0A8B008C0446 /* BountyInfo.swift */ = {isa = PBXFileReference; lastKnownFileType = sourcecode.swift; path = BountyInfo.swift; sourceTree = "<group>"; };
		ED0D57CC258F0AEC008C0446 /* BountyViewModel.swift */ = {isa = PBXFileReference; lastKnownFileType = sourcecode.swift; path = BountyViewModel.swift; sourceTree = "<group>"; };
		ED0D57D1258F0B13008C0446 /* GridCell.swift */ = {isa = PBXFileReference; lastKnownFileType = sourcecode.swift; path = GridCell.swift; sourceTree = "<group>"; };
		EDE44B76258E1306000CAB88 /* BountyList.app */ = {isa = PBXFileReference; explicitFileType = wrapper.application; includeInIndex = 0; path = BountyList.app; sourceTree = BUILT_PRODUCTS_DIR; };
		EDE44B79258E1306000CAB88 /* AppDelegate.swift */ = {isa = PBXFileReference; lastKnownFileType = sourcecode.swift; path = AppDelegate.swift; sourceTree = "<group>"; };
		EDE44B7B258E1306000CAB88 /* SceneDelegate.swift */ = {isa = PBXFileReference; lastKnownFileType = sourcecode.swift; path = SceneDelegate.swift; sourceTree = "<group>"; };
		EDE44B80258E1306000CAB88 /* Base */ = {isa = PBXFileReference; lastKnownFileType = file.storyboard; name = Base; path = Base.lproj/Main.storyboard; sourceTree = "<group>"; };
		EDE44B82258E1308000CAB88 /* Assets.xcassets */ = {isa = PBXFileReference; lastKnownFileType = folder.assetcatalog; path = Assets.xcassets; sourceTree = "<group>"; };
		EDE44B85258E1308000CAB88 /* Base */ = {isa = PBXFileReference; lastKnownFileType = file.storyboard; name = Base; path = Base.lproj/LaunchScreen.storyboard; sourceTree = "<group>"; };
		EDE44B87258E1308000CAB88 /* Info.plist */ = {isa = PBXFileReference; lastKnownFileType = text.plist.xml; path = Info.plist; sourceTree = "<group>"; };
		EDE44B8C258E1308000CAB88 /* BountyListTests.xctest */ = {isa = PBXFileReference; explicitFileType = wrapper.cfbundle; includeInIndex = 0; path = BountyListTests.xctest; sourceTree = BUILT_PRODUCTS_DIR; };
		EDE44B90258E1308000CAB88 /* BountyListTests.swift */ = {isa = PBXFileReference; lastKnownFileType = sourcecode.swift; path = BountyListTests.swift; sourceTree = "<group>"; };
		EDE44B92258E1308000CAB88 /* Info.plist */ = {isa = PBXFileReference; lastKnownFileType = text.plist.xml; path = Info.plist; sourceTree = "<group>"; };
		EDE44B97258E1308000CAB88 /* BountyListUITests.xctest */ = {isa = PBXFileReference; explicitFileType = wrapper.cfbundle; includeInIndex = 0; path = BountyListUITests.xctest; sourceTree = BUILT_PRODUCTS_DIR; };
		EDE44B9B258E1308000CAB88 /* BountyListUITests.swift */ = {isa = PBXFileReference; lastKnownFileType = sourcecode.swift; path = BountyListUITests.swift; sourceTree = "<group>"; };
		EDE44B9D258E1308000CAB88 /* Info.plist */ = {isa = PBXFileReference; lastKnownFileType = text.plist.xml; path = Info.plist; sourceTree = "<group>"; };
		EDE44BB7258E14E2000CAB88 /* BountyViewController.swift */ = {isa = PBXFileReference; lastKnownFileType = sourcecode.swift; path = BountyViewController.swift; sourceTree = "<group>"; };
		EDE44BBC258E2413000CAB88 /* DetailViewController.swift */ = {isa = PBXFileReference; lastKnownFileType = sourcecode.swift; path = DetailViewController.swift; sourceTree = "<group>"; };
/* End PBXFileReference section */

/* Begin PBXFrameworksBuildPhase section */
		EDE44B73258E1306000CAB88 /* Frameworks */ = {
			isa = PBXFrameworksBuildPhase;
			buildActionMask = 2147483647;
			files = (
			);
			runOnlyForDeploymentPostprocessing = 0;
		};
		EDE44B89258E1308000CAB88 /* Frameworks */ = {
			isa = PBXFrameworksBuildPhase;
			buildActionMask = 2147483647;
			files = (
			);
			runOnlyForDeploymentPostprocessing = 0;
		};
		EDE44B94258E1308000CAB88 /* Frameworks */ = {
			isa = PBXFrameworksBuildPhase;
			buildActionMask = 2147483647;
			files = (
			);
			runOnlyForDeploymentPostprocessing = 0;
		};
/* End PBXFrameworksBuildPhase section */

/* Begin PBXGroup section */
		EDE44B6D258E1306000CAB88 = {
			isa = PBXGroup;
			children = (
				EDE44B78258E1306000CAB88 /* BountyList */,
				EDE44B8F258E1308000CAB88 /* BountyListTests */,
				EDE44B9A258E1308000CAB88 /* BountyListUITests */,
				EDE44B77258E1306000CAB88 /* Products */,
			);
			sourceTree = "<group>";
		};
		EDE44B77258E1306000CAB88 /* Products */ = {
			isa = PBXGroup;
			children = (
				EDE44B76258E1306000CAB88 /* BountyList.app */,
				EDE44B8C258E1308000CAB88 /* BountyListTests.xctest */,
				EDE44B97258E1308000CAB88 /* BountyListUITests.xctest */,
			);
			name = Products;
			sourceTree = "<group>";
		};
		EDE44B78258E1306000CAB88 /* BountyList */ = {
			isa = PBXGroup;
			children = (
				EDE44B79258E1306000CAB88 /* AppDelegate.swift */,
				EDE44BB7258E14E2000CAB88 /* BountyViewController.swift */,
				ED0D57D1258F0B13008C0446 /* GridCell.swift */,
				ED0D57CC258F0AEC008C0446 /* BountyViewModel.swift */,
				EDE44BBC258E2413000CAB88 /* DetailViewController.swift */,
				ED0D57C7258F0A8B008C0446 /* BountyInfo.swift */,
				EDE44B7B258E1306000CAB88 /* SceneDelegate.swift */,
				EDE44B7F258E1306000CAB88 /* Main.storyboard */,
				EDE44B82258E1308000CAB88 /* Assets.xcassets */,
				EDE44B84258E1308000CAB88 /* LaunchScreen.storyboard */,
				EDE44B87258E1308000CAB88 /* Info.plist */,
			);
			path = BountyList;
			sourceTree = "<group>";
		};
		EDE44B8F258E1308000CAB88 /* BountyListTests */ = {
			isa = PBXGroup;
			children = (
				EDE44B90258E1308000CAB88 /* BountyListTests.swift */,
				EDE44B92258E1308000CAB88 /* Info.plist */,
			);
			path = BountyListTests;
			sourceTree = "<group>";
		};
		EDE44B9A258E1308000CAB88 /* BountyListUITests */ = {
			isa = PBXGroup;
			children = (
				EDE44B9B258E1308000CAB88 /* BountyListUITests.swift */,
				EDE44B9D258E1308000CAB88 /* Info.plist */,
			);
			path = BountyListUITests;
			sourceTree = "<group>";
		};
/* End PBXGroup section */

/* Begin PBXNativeTarget section */
		EDE44B75258E1306000CAB88 /* BountyList */ = {
			isa = PBXNativeTarget;
			buildConfigurationList = EDE44BA0258E1308000CAB88 /* Build configuration list for PBXNativeTarget "BountyList" */;
			buildPhases = (
				EDE44B72258E1306000CAB88 /* Sources */,
				EDE44B73258E1306000CAB88 /* Frameworks */,
				EDE44B74258E1306000CAB88 /* Resources */,
			);
			buildRules = (
			);
			dependencies = (
			);
			name = BountyList;
			productName = BountyList;
			productReference = EDE44B76258E1306000CAB88 /* BountyList.app */;
			productType = "com.apple.product-type.application";
		};
		EDE44B8B258E1308000CAB88 /* BountyListTests */ = {
			isa = PBXNativeTarget;
			buildConfigurationList = EDE44BA3258E1308000CAB88 /* Build configuration list for PBXNativeTarget "BountyListTests" */;
			buildPhases = (
				EDE44B88258E1308000CAB88 /* Sources */,
				EDE44B89258E1308000CAB88 /* Frameworks */,
				EDE44B8A258E1308000CAB88 /* Resources */,
			);
			buildRules = (
			);
			dependencies = (
				EDE44B8E258E1308000CAB88 /* PBXTargetDependency */,
			);
			name = BountyListTests;
			productName = BountyListTests;
			productReference = EDE44B8C258E1308000CAB88 /* BountyListTests.xctest */;
			productType = "com.apple.product-type.bundle.unit-test";
		};
		EDE44B96258E1308000CAB88 /* BountyListUITests */ = {
			isa = PBXNativeTarget;
			buildConfigurationList = EDE44BA6258E1308000CAB88 /* Build configuration list for PBXNativeTarget "BountyListUITests" */;
			buildPhases = (
				EDE44B93258E1308000CAB88 /* Sources */,
				EDE44B94258E1308000CAB88 /* Frameworks */,
				EDE44B95258E1308000CAB88 /* Resources */,
			);
			buildRules = (
			);
			dependencies = (
				EDE44B99258E1308000CAB88 /* PBXTargetDependency */,
			);
			name = BountyListUITests;
			productName = BountyListUITests;
			productReference = EDE44B97258E1308000CAB88 /* BountyListUITests.xctest */;
			productType = "com.apple.product-type.bundle.ui-testing";
		};
/* End PBXNativeTarget section */

/* Begin PBXProject section */
		EDE44B6E258E1306000CAB88 /* Project object */ = {
			isa = PBXProject;
			attributes = {
				LastSwiftUpdateCheck = 1230;
				LastUpgradeCheck = 1230;
				TargetAttributes = {
					EDE44B75258E1306000CAB88 = {
						CreatedOnToolsVersion = 12.3;
					};
					EDE44B8B258E1308000CAB88 = {
						CreatedOnToolsVersion = 12.3;
						TestTargetID = EDE44B75258E1306000CAB88;
					};
					EDE44B96258E1308000CAB88 = {
						CreatedOnToolsVersion = 12.3;
						TestTargetID = EDE44B75258E1306000CAB88;
					};
				};
			};
			buildConfigurationList = EDE44B71258E1306000CAB88 /* Build configuration list for PBXProject "BountyList" */;
			compatibilityVersion = "Xcode 9.3";
			developmentRegion = en;
			hasScannedForEncodings = 0;
			knownRegions = (
				en,
				Base,
			);
			mainGroup = EDE44B6D258E1306000CAB88;
			productRefGroup = EDE44B77258E1306000CAB88 /* Products */;
			projectDirPath = "";
			projectRoot = "";
			targets = (
				EDE44B75258E1306000CAB88 /* BountyList */,
				EDE44B8B258E1308000CAB88 /* BountyListTests */,
				EDE44B96258E1308000CAB88 /* BountyListUITests */,
			);
		};
/* End PBXProject section */

/* Begin PBXResourcesBuildPhase section */
		EDE44B74258E1306000CAB88 /* Resources */ = {
			isa = PBXResourcesBuildPhase;
			buildActionMask = 2147483647;
			files = (
				EDE44B86258E1308000CAB88 /* LaunchScreen.storyboard in Resources */,
				EDE44B83258E1308000CAB88 /* Assets.xcassets in Resources */,
				EDE44B81258E1306000CAB88 /* Main.storyboard in Resources */,
			);
			runOnlyForDeploymentPostprocessing = 0;
		};
		EDE44B8A258E1308000CAB88 /* Resources */ = {
			isa = PBXResourcesBuildPhase;
			buildActionMask = 2147483647;
			files = (
			);
			runOnlyForDeploymentPostprocessing = 0;
		};
		EDE44B95258E1308000CAB88 /* Resources */ = {
			isa = PBXResourcesBuildPhase;
			buildActionMask = 2147483647;
			files = (
			);
			runOnlyForDeploymentPostprocessing = 0;
		};
/* End PBXResourcesBuildPhase section */

/* Begin PBXSourcesBuildPhase section */
		EDE44B72258E1306000CAB88 /* Sources */ = {
			isa = PBXSourcesBuildPhase;
			buildActionMask = 2147483647;
			files = (
				ED0D57C8258F0A8B008C0446 /* BountyInfo.swift in Sources */,
				EDE44B7A258E1306000CAB88 /* AppDelegate.swift in Sources */,
				EDE44BB8258E14E2000CAB88 /* BountyViewController.swift in Sources */,
				ED0D57D2258F0B13008C0446 /* GridCell.swift in Sources */,
				ED0D57CD258F0AEC008C0446 /* BountyViewModel.swift in Sources */,
				EDE44B7C258E1306000CAB88 /* SceneDelegate.swift in Sources */,
				EDE44BBD258E2413000CAB88 /* DetailViewController.swift in Sources */,
			);
			runOnlyForDeploymentPostprocessing = 0;
		};
		EDE44B88258E1308000CAB88 /* Sources */ = {
			isa = PBXSourcesBuildPhase;
			buildActionMask = 2147483647;
			files = (
				EDE44B91258E1308000CAB88 /* BountyListTests.swift in Sources */,
			);
			runOnlyForDeploymentPostprocessing = 0;
		};
		EDE44B93258E1308000CAB88 /* Sources */ = {
			isa = PBXSourcesBuildPhase;
			buildActionMask = 2147483647;
			files = (
				EDE44B9C258E1308000CAB88 /* BountyListUITests.swift in Sources */,
			);
			runOnlyForDeploymentPostprocessing = 0;
		};
/* End PBXSourcesBuildPhase section */

/* Begin PBXTargetDependency section */
		EDE44B8E258E1308000CAB88 /* PBXTargetDependency */ = {
			isa = PBXTargetDependency;
			target = EDE44B75258E1306000CAB88 /* BountyList */;
			targetProxy = EDE44B8D258E1308000CAB88 /* PBXContainerItemProxy */;
		};
		EDE44B99258E1308000CAB88 /* PBXTargetDependency */ = {
			isa = PBXTargetDependency;
			target = EDE44B75258E1306000CAB88 /* BountyList */;
			targetProxy = EDE44B98258E1308000CAB88 /* PBXContainerItemProxy */;
		};
/* End PBXTargetDependency section */

/* Begin PBXVariantGroup section */
		EDE44B7F258E1306000CAB88 /* Main.storyboard */ = {
			isa = PBXVariantGroup;
			children = (
				EDE44B80258E1306000CAB88 /* Base */,
			);
			name = Main.storyboard;
			sourceTree = "<group>";
		};
		EDE44B84258E1308000CAB88 /* LaunchScreen.storyboard */ = {
			isa = PBXVariantGroup;
			children = (
				EDE44B85258E1308000CAB88 /* Base */,
			);
			name = LaunchScreen.storyboard;
			sourceTree = "<group>";
		};
/* End PBXVariantGroup section */

/* Begin XCBuildConfiguration section */
		EDE44B9E258E1308000CAB88 /* Debug */ = {
			isa = XCBuildConfiguration;
			buildSettings = {
				ALWAYS_SEARCH_USER_PATHS = NO;
				CLANG_ANALYZER_NONNULL = YES;
				CLANG_ANALYZER_NUMBER_OBJECT_CONVERSION = YES_AGGRESSIVE;
				CLANG_CXX_LANGUAGE_STANDARD = "gnu++14";
				CLANG_CXX_LIBRARY = "libc++";
				CLANG_ENABLE_MODULES = YES;
				CLANG_ENABLE_OBJC_ARC = YES;
				CLANG_ENABLE_OBJC_WEAK = YES;
				CLANG_WARN_BLOCK_CAPTURE_AUTORELEASING = YES;
				CLANG_WARN_BOOL_CONVERSION = YES;
				CLANG_WARN_COMMA = YES;
				CLANG_WARN_CONSTANT_CONVERSION = YES;
				CLANG_WARN_DEPRECATED_OBJC_IMPLEMENTATIONS = YES;
				CLANG_WARN_DIRECT_OBJC_ISA_USAGE = YES_ERROR;
				CLANG_WARN_DOCUMENTATION_COMMENTS = YES;
				CLANG_WARN_EMPTY_BODY = YES;
				CLANG_WARN_ENUM_CONVERSION = YES;
				CLANG_WARN_INFINITE_RECURSION = YES;
				CLANG_WARN_INT_CONVERSION = YES;
				CLANG_WARN_NON_LITERAL_NULL_CONVERSION = YES;
				CLANG_WARN_OBJC_IMPLICIT_RETAIN_SELF = YES;
				CLANG_WARN_OBJC_LITERAL_CONVERSION = YES;
				CLANG_WARN_OBJC_ROOT_CLASS = YES_ERROR;
				CLANG_WARN_QUOTED_INCLUDE_IN_FRAMEWORK_HEADER = YES;
				CLANG_WARN_RANGE_LOOP_ANALYSIS = YES;
				CLANG_WARN_STRICT_PROTOTYPES = YES;
				CLANG_WARN_SUSPICIOUS_MOVE = YES;
				CLANG_WARN_UNGUARDED_AVAILABILITY = YES_AGGRESSIVE;
				CLANG_WARN_UNREACHABLE_CODE = YES;
				CLANG_WARN__DUPLICATE_METHOD_MATCH = YES;
				COPY_PHASE_STRIP = NO;
				DEBUG_INFORMATION_FORMAT = dwarf;
				ENABLE_STRICT_OBJC_MSGSEND = YES;
				ENABLE_TESTABILITY = YES;
				GCC_C_LANGUAGE_STANDARD = gnu11;
				GCC_DYNAMIC_NO_PIC = NO;
				GCC_NO_COMMON_BLOCKS = YES;
				GCC_OPTIMIZATION_LEVEL = 0;
				GCC_PREPROCESSOR_DEFINITIONS = (
					"DEBUG=1",
					"$(inherited)",
				);
				GCC_WARN_64_TO_32_BIT_CONVERSION = YES;
				GCC_WARN_ABOUT_RETURN_TYPE = YES_ERROR;
				GCC_WARN_UNDECLARED_SELECTOR = YES;
				GCC_WARN_UNINITIALIZED_AUTOS = YES_AGGRESSIVE;
				GCC_WARN_UNUSED_FUNCTION = YES;
				GCC_WARN_UNUSED_VARIABLE = YES;
				IPHONEOS_DEPLOYMENT_TARGET = 14.3;
				MTL_ENABLE_DEBUG_INFO = INCLUDE_SOURCE;
				MTL_FAST_MATH = YES;
				ONLY_ACTIVE_ARCH = YES;
				SDKROOT = iphoneos;
				SWIFT_ACTIVE_COMPILATION_CONDITIONS = DEBUG;
				SWIFT_OPTIMIZATION_LEVEL = "-Onone";
			};
			name = Debug;
		};
		EDE44B9F258E1308000CAB88 /* Release */ = {
			isa = XCBuildConfiguration;
			buildSettings = {
				ALWAYS_SEARCH_USER_PATHS = NO;
				CLANG_ANALYZER_NONNULL = YES;
				CLANG_ANALYZER_NUMBER_OBJECT_CONVERSION = YES_AGGRESSIVE;
				CLANG_CXX_LANGUAGE_STANDARD = "gnu++14";
				CLANG_CXX_LIBRARY = "libc++";
				CLANG_ENABLE_MODULES = YES;
				CLANG_ENABLE_OBJC_ARC = YES;
				CLANG_ENABLE_OBJC_WEAK = YES;
				CLANG_WARN_BLOCK_CAPTURE_AUTORELEASING = YES;
				CLANG_WARN_BOOL_CONVERSION = YES;
				CLANG_WARN_COMMA = YES;
				CLANG_WARN_CONSTANT_CONVERSION = YES;
				CLANG_WARN_DEPRECATED_OBJC_IMPLEMENTATIONS = YES;
				CLANG_WARN_DIRECT_OBJC_ISA_USAGE = YES_ERROR;
				CLANG_WARN_DOCUMENTATION_COMMENTS = YES;
				CLANG_WARN_EMPTY_BODY = YES;
				CLANG_WARN_ENUM_CONVERSION = YES;
				CLANG_WARN_INFINITE_RECURSION = YES;
				CLANG_WARN_INT_CONVERSION = YES;
				CLANG_WARN_NON_LITERAL_NULL_CONVERSION = YES;
				CLANG_WARN_OBJC_IMPLICIT_RETAIN_SELF = YES;
				CLANG_WARN_OBJC_LITERAL_CONVERSION = YES;
				CLANG_WARN_OBJC_ROOT_CLASS = YES_ERROR;
				CLANG_WARN_QUOTED_INCLUDE_IN_FRAMEWORK_HEADER = YES;
				CLANG_WARN_RANGE_LOOP_ANALYSIS = YES;
				CLANG_WARN_STRICT_PROTOTYPES = YES;
				CLANG_WARN_SUSPICIOUS_MOVE = YES;
				CLANG_WARN_UNGUARDED_AVAILABILITY = YES_AGGRESSIVE;
				CLANG_WARN_UNREACHABLE_CODE = YES;
				CLANG_WARN__DUPLICATE_METHOD_MATCH = YES;
				COPY_PHASE_STRIP = NO;
				DEBUG_INFORMATION_FORMAT = "dwarf-with-dsym";
				ENABLE_NS_ASSERTIONS = NO;
				ENABLE_STRICT_OBJC_MSGSEND = YES;
				GCC_C_LANGUAGE_STANDARD = gnu11;
				GCC_NO_COMMON_BLOCKS = YES;
				GCC_WARN_64_TO_32_BIT_CONVERSION = YES;
				GCC_WARN_ABOUT_RETURN_TYPE = YES_ERROR;
				GCC_WARN_UNDECLARED_SELECTOR = YES;
				GCC_WARN_UNINITIALIZED_AUTOS = YES_AGGRESSIVE;
				GCC_WARN_UNUSED_FUNCTION = YES;
				GCC_WARN_UNUSED_VARIABLE = YES;
				IPHONEOS_DEPLOYMENT_TARGET = 14.3;
				MTL_ENABLE_DEBUG_INFO = NO;
				MTL_FAST_MATH = YES;
				SDKROOT = iphoneos;
				SWIFT_COMPILATION_MODE = wholemodule;
				SWIFT_OPTIMIZATION_LEVEL = "-O";
				VALIDATE_PRODUCT = YES;
			};
			name = Release;
		};
		EDE44BA1258E1308000CAB88 /* Debug */ = {
			isa = XCBuildConfiguration;
			buildSettings = {
				ASSETCATALOG_COMPILER_APPICON_NAME = AppIcon;
				ASSETCATALOG_COMPILER_GLOBAL_ACCENT_COLOR_NAME = AccentColor;
				CODE_SIGN_STYLE = Automatic;
				DEVELOPMENT_TEAM = 2MWU6L5FJR;
				INFOPLIST_FILE = BountyList/Info.plist;
				LD_RUNPATH_SEARCH_PATHS = (
					"$(inherited)",
					"@executable_path/Frameworks",
				);
				PRODUCT_BUNDLE_IDENTIFIER = com.taebin.BountyList;
				PRODUCT_NAME = "$(TARGET_NAME)";
				SWIFT_VERSION = 5.0;
				TARGETED_DEVICE_FAMILY = "1,2";
			};
			name = Debug;
		};
		EDE44BA2258E1308000CAB88 /* Release */ = {
			isa = XCBuildConfiguration;
			buildSettings = {
				ASSETCATALOG_COMPILER_APPICON_NAME = AppIcon;
				ASSETCATALOG_COMPILER_GLOBAL_ACCENT_COLOR_NAME = AccentColor;
				CODE_SIGN_STYLE = Automatic;
				DEVELOPMENT_TEAM = 2MWU6L5FJR;
				INFOPLIST_FILE = BountyList/Info.plist;
				LD_RUNPATH_SEARCH_PATHS = (
					"$(inherited)",
					"@executable_path/Frameworks",
				);
				PRODUCT_BUNDLE_IDENTIFIER = com.taebin.BountyList;
				PRODUCT_NAME = "$(TARGET_NAME)";
				SWIFT_VERSION = 5.0;
				TARGETED_DEVICE_FAMILY = "1,2";
			};
			name = Release;
		};
		EDE44BA4258E1308000CAB88 /* Debug */ = {
			isa = XCBuildConfiguration;
			buildSettings = {
				ALWAYS_EMBED_SWIFT_STANDARD_LIBRARIES = YES;
				BUNDLE_LOADER = "$(TEST_HOST)";
				CODE_SIGN_STYLE = Automatic;
				DEVELOPMENT_TEAM = 2MWU6L5FJR;
				INFOPLIST_FILE = BountyListTests/Info.plist;
				IPHONEOS_DEPLOYMENT_TARGET = 14.3;
				LD_RUNPATH_SEARCH_PATHS = (
					"$(inherited)",
					"@executable_path/Frameworks",
					"@loader_path/Frameworks",
				);
				PRODUCT_BUNDLE_IDENTIFIER = com.taebin.BountyListTests;
				PRODUCT_NAME = "$(TARGET_NAME)";
				SWIFT_VERSION = 5.0;
				TARGETED_DEVICE_FAMILY = "1,2";
				TEST_HOST = "$(BUILT_PRODUCTS_DIR)/BountyList.app/BountyList";
			};
			name = Debug;
		};
		EDE44BA5258E1308000CAB88 /* Release */ = {
			isa = XCBuildConfiguration;
			buildSettings = {
				ALWAYS_EMBED_SWIFT_STANDARD_LIBRARIES = YES;
				BUNDLE_LOADER = "$(TEST_HOST)";
				CODE_SIGN_STYLE = Automatic;
				DEVELOPMENT_TEAM = 2MWU6L5FJR;
				INFOPLIST_FILE = BountyListTests/Info.plist;
				IPHONEOS_DEPLOYMENT_TARGET = 14.3;
				LD_RUNPATH_SEARCH_PATHS = (
					"$(inherited)",
					"@executable_path/Frameworks",
					"@loader_path/Frameworks",
				);
				PRODUCT_BUNDLE_IDENTIFIER = com.taebin.BountyListTests;
				PRODUCT_NAME = "$(TARGET_NAME)";
				SWIFT_VERSION = 5.0;
				TARGETED_DEVICE_FAMILY = "1,2";
				TEST_HOST = "$(BUILT_PRODUCTS_DIR)/BountyList.app/BountyList";
			};
			name = Release;
		};
		EDE44BA7258E1308000CAB88 /* Debug */ = {
			isa = XCBuildConfiguration;
			buildSettings = {
				ALWAYS_EMBED_SWIFT_STANDARD_LIBRARIES = YES;
				CODE_SIGN_STYLE = Automatic;
				DEVELOPMENT_TEAM = 2MWU6L5FJR;
				INFOPLIST_FILE = BountyListUITests/Info.plist;
				LD_RUNPATH_SEARCH_PATHS = (
					"$(inherited)",
					"@executable_path/Frameworks",
					"@loader_path/Frameworks",
				);
				PRODUCT_BUNDLE_IDENTIFIER = com.taebin.BountyListUITests;
				PRODUCT_NAME = "$(TARGET_NAME)";
				SWIFT_VERSION = 5.0;
				TARGETED_DEVICE_FAMILY = "1,2";
				TEST_TARGET_NAME = BountyList;
			};
			name = Debug;
		};
		EDE44BA8258E1308000CAB88 /* Release */ = {
			isa = XCBuildConfiguration;
			buildSettings = {
				ALWAYS_EMBED_SWIFT_STANDARD_LIBRARIES = YES;
				CODE_SIGN_STYLE = Automatic;
				DEVELOPMENT_TEAM = 2MWU6L5FJR;
				INFOPLIST_FILE = BountyListUITests/Info.plist;
				LD_RUNPATH_SEARCH_PATHS = (
					"$(inherited)",
					"@executable_path/Frameworks",
					"@loader_path/Frameworks",
				);
				PRODUCT_BUNDLE_IDENTIFIER = com.taebin.BountyListUITests;
				PRODUCT_NAME = "$(TARGET_NAME)";
				SWIFT_VERSION = 5.0;
				TARGETED_DEVICE_FAMILY = "1,2";
				TEST_TARGET_NAME = BountyList;
			};
			name = Release;
		};
/* End XCBuildConfiguration section */

/* Begin XCConfigurationList section */
		EDE44B71258E1306000CAB88 /* Build configuration list for PBXProject "BountyList" */ = {
			isa = XCConfigurationList;
			buildConfigurations = (
				EDE44B9E258E1308000CAB88 /* Debug */,
				EDE44B9F258E1308000CAB88 /* Release */,
			);
			defaultConfigurationIsVisible = 0;
			defaultConfigurationName = Release;
		};
		EDE44BA0258E1308000CAB88 /* Build configuration list for PBXNativeTarget "BountyList" */ = {
			isa = XCConfigurationList;
			buildConfigurations = (
				EDE44BA1258E1308000CAB88 /* Debug */,
				EDE44BA2258E1308000CAB88 /* Release */,
			);
			defaultConfigurationIsVisible = 0;
			defaultConfigurationName = Release;
		};
		EDE44BA3258E1308000CAB88 /* Build configuration list for PBXNativeTarget "BountyListTests" */ = {
			isa = XCConfigurationList;
			buildConfigurations = (
				EDE44BA4258E1308000CAB88 /* Debug */,
				EDE44BA5258E1308000CAB88 /* Release */,
			);
			defaultConfigurationIsVisible = 0;
			defaultConfigurationName = Release;
		};
		EDE44BA6258E1308000CAB88 /* Build configuration list for PBXNativeTarget "BountyListUITests" */ = {
			isa = XCConfigurationList;
			buildConfigurations = (
				EDE44BA7258E1308000CAB88 /* Debug */,
				EDE44BA8258E1308000CAB88 /* Release */,
			);
			defaultConfigurationIsVisible = 0;
			defaultConfigurationName = Release;
		};
/* End XCConfigurationList section */
	};
	rootObject = EDE44B6E258E1306000CAB88 /* Project object */;
}
